// !$*UTF8*$!
{
	archiveVersion = 1;
	classes = {
	};
	objectVersion = 52;
	objects = {

/* Begin PBXBuildFile section */
		368F44F3FE45486A04632256 /* Pods_TheMovieDB.framework in Frameworks */ = {isa = PBXBuildFile; fileRef = F71F755687CA9F02BBB7DFC1 /* Pods_TheMovieDB.framework */; };
		9D8E9EA4263E74C7002A6C11 /* AppDelegate.swift in Sources */ = {isa = PBXBuildFile; fileRef = 9D8E9EA3263E74C7002A6C11 /* AppDelegate.swift */; };
		9D8E9EA8263E74C7002A6C11 /* ViewController.swift in Sources */ = {isa = PBXBuildFile; fileRef = 9D8E9EA7263E74C7002A6C11 /* ViewController.swift */; };
		9D8E9EAB263E74C7002A6C11 /* Main.storyboard in Resources */ = {isa = PBXBuildFile; fileRef = 9D8E9EA9263E74C7002A6C11 /* Main.storyboard */; };
		9D8E9EAE263E74C7002A6C11 /* TheMovieDB.xcdatamodeld in Sources */ = {isa = PBXBuildFile; fileRef = 9D8E9EAC263E74C7002A6C11 /* TheMovieDB.xcdatamodeld */; };
		9D8E9EB0263E74C7002A6C11 /* Assets.xcassets in Resources */ = {isa = PBXBuildFile; fileRef = 9D8E9EAF263E74C7002A6C11 /* Assets.xcassets */; };
		9D8E9EB3263E74C7002A6C11 /* LaunchScreen.storyboard in Resources */ = {isa = PBXBuildFile; fileRef = 9D8E9EB1263E74C7002A6C11 /* LaunchScreen.storyboard */; };
		9D8E9F49263E8CA5002A6C11 /* TheMovieDBNetwork.framework in Frameworks */ = {isa = PBXBuildFile; fileRef = 9D8E9F48263E8CA5002A6C11 /* TheMovieDBNetwork.framework */; };
		9D8E9F4A263E8CA5002A6C11 /* TheMovieDBNetwork.framework in Embed Frameworks */ = {isa = PBXBuildFile; fileRef = 9D8E9F48263E8CA5002A6C11 /* TheMovieDBNetwork.framework */; settings = {ATTRIBUTES = (CodeSignOnCopy, RemoveHeadersOnCopy, ); }; };
		9D8E9F4D263E8CAB002A6C11 /* TheMovieDBPersistence.framework in Frameworks */ = {isa = PBXBuildFile; fileRef = 9D8E9F4C263E8CAB002A6C11 /* TheMovieDBPersistence.framework */; };
		9D8E9F4E263E8CAB002A6C11 /* TheMovieDBPersistence.framework in Embed Frameworks */ = {isa = PBXBuildFile; fileRef = 9D8E9F4C263E8CAB002A6C11 /* TheMovieDBPersistence.framework */; settings = {ATTRIBUTES = (CodeSignOnCopy, RemoveHeadersOnCopy, ); }; };
		9D8E9F83263ECE5E002A6C11 /* SDWebImage in Frameworks */ = {isa = PBXBuildFile; productRef = 9D8E9F82263ECE5E002A6C11 /* SDWebImage */; };
		9D8E9F9C263ED5FB002A6C11 /* IQKeyboardManagerSwift in Frameworks */ = {isa = PBXBuildFile; productRef = 9D8E9F9B263ED5FB002A6C11 /* IQKeyboardManagerSwift */; };
		9D8E9FB2263ED9C9002A6C11 /* BaseApiClient.swift in Sources */ = {isa = PBXBuildFile; fileRef = 9D8E9FB1263ED9C9002A6C11 /* BaseApiClient.swift */; };
		9D8E9FB4263ED9D9002A6C11 /* BaseRepository.swift in Sources */ = {isa = PBXBuildFile; fileRef = 9D8E9FB3263ED9D9002A6C11 /* BaseRepository.swift */; };
		9D8E9FB6263EDA65002A6C11 /* MovieListUseCase.swift in Sources */ = {isa = PBXBuildFile; fileRef = 9D8E9FB5263EDA65002A6C11 /* MovieListUseCase.swift */; };
		9D8E9FB8263EDB6F002A6C11 /* FetchMovieRequest.swift in Sources */ = {isa = PBXBuildFile; fileRef = 9D8E9FB7263EDB6F002A6C11 /* FetchMovieRequest.swift */; };
		9D8E9FBB263EE005002A6C11 /* Config.swift in Sources */ = {isa = PBXBuildFile; fileRef = 9D8E9FBA263EE005002A6C11 /* Config.swift */; };
		9D8E9FBD263EE3D9002A6C11 /* FetchMovieServices.swift in Sources */ = {isa = PBXBuildFile; fileRef = 9D8E9FBC263EE3D9002A6C11 /* FetchMovieServices.swift */; };
		9D8E9FBF263EE468002A6C11 /* MovieListModel.swift in Sources */ = {isa = PBXBuildFile; fileRef = 9D8E9FBE263EE468002A6C11 /* MovieListModel.swift */; };
		9D8E9FC9263EF08B002A6C11 /* UIView+SDWebImage.swift in Sources */ = {isa = PBXBuildFile; fileRef = 9D8E9FC8263EF08B002A6C11 /* UIView+SDWebImage.swift */; };
		9D8E9FCB263EF0E5002A6C11 /* UIViewController+UIAlert.swift in Sources */ = {isa = PBXBuildFile; fileRef = 9D8E9FCA263EF0E5002A6C11 /* UIViewController+UIAlert.swift */; };
/* End PBXBuildFile section */

/* Begin PBXCopyFilesBuildPhase section */
		9D8E9F4B263E8CA5002A6C11 /* Embed Frameworks */ = {
			isa = PBXCopyFilesBuildPhase;
			buildActionMask = 2147483647;
			dstPath = "";
			dstSubfolderSpec = 10;
			files = (
				9D8E9F4A263E8CA5002A6C11 /* TheMovieDBNetwork.framework in Embed Frameworks */,
				9D8E9F4E263E8CAB002A6C11 /* TheMovieDBPersistence.framework in Embed Frameworks */,
			);
			name = "Embed Frameworks";
			runOnlyForDeploymentPostprocessing = 0;
		};
/* End PBXCopyFilesBuildPhase section */

/* Begin PBXFileReference section */
		349C963DBFBD338DDF48214D /* Pods-TheMovieDB.release.xcconfig */ = {isa = PBXFileReference; includeInIndex = 1; lastKnownFileType = text.xcconfig; name = "Pods-TheMovieDB.release.xcconfig"; path = "Target Support Files/Pods-TheMovieDB/Pods-TheMovieDB.release.xcconfig"; sourceTree = "<group>"; };
		5B5B8062E2F74AB52E83B70C /* Pods-TheMovieDB.debug.xcconfig */ = {isa = PBXFileReference; includeInIndex = 1; lastKnownFileType = text.xcconfig; name = "Pods-TheMovieDB.debug.xcconfig"; path = "Target Support Files/Pods-TheMovieDB/Pods-TheMovieDB.debug.xcconfig"; sourceTree = "<group>"; };
		9D8E9EA0263E74C7002A6C11 /* TheMovieDB.app */ = {isa = PBXFileReference; explicitFileType = wrapper.application; includeInIndex = 0; path = TheMovieDB.app; sourceTree = BUILT_PRODUCTS_DIR; };
		9D8E9EA3263E74C7002A6C11 /* AppDelegate.swift */ = {isa = PBXFileReference; lastKnownFileType = sourcecode.swift; path = AppDelegate.swift; sourceTree = "<group>"; };
		9D8E9EA7263E74C7002A6C11 /* ViewController.swift */ = {isa = PBXFileReference; lastKnownFileType = sourcecode.swift; path = ViewController.swift; sourceTree = "<group>"; };
		9D8E9EAA263E74C7002A6C11 /* Base */ = {isa = PBXFileReference; lastKnownFileType = file.storyboard; name = Base; path = Base.lproj/Main.storyboard; sourceTree = "<group>"; };
		9D8E9EAD263E74C7002A6C11 /* TheMovieDB.xcdatamodel */ = {isa = PBXFileReference; lastKnownFileType = wrapper.xcdatamodel; path = TheMovieDB.xcdatamodel; sourceTree = "<group>"; };
		9D8E9EAF263E74C7002A6C11 /* Assets.xcassets */ = {isa = PBXFileReference; lastKnownFileType = folder.assetcatalog; path = Assets.xcassets; sourceTree = "<group>"; };
		9D8E9EB2263E74C7002A6C11 /* Base */ = {isa = PBXFileReference; lastKnownFileType = file.storyboard; name = Base; path = Base.lproj/LaunchScreen.storyboard; sourceTree = "<group>"; };
		9D8E9EB4263E74C7002A6C11 /* Info.plist */ = {isa = PBXFileReference; lastKnownFileType = text.plist.xml; path = Info.plist; sourceTree = "<group>"; };
		9D8E9F48263E8CA5002A6C11 /* TheMovieDBNetwork.framework */ = {isa = PBXFileReference; explicitFileType = wrapper.framework; path = TheMovieDBNetwork.framework; sourceTree = BUILT_PRODUCTS_DIR; };
		9D8E9F4C263E8CAB002A6C11 /* TheMovieDBPersistence.framework */ = {isa = PBXFileReference; explicitFileType = wrapper.framework; path = TheMovieDBPersistence.framework; sourceTree = BUILT_PRODUCTS_DIR; };
		9D8E9FB1263ED9C9002A6C11 /* BaseApiClient.swift */ = {isa = PBXFileReference; lastKnownFileType = sourcecode.swift; path = BaseApiClient.swift; sourceTree = "<group>"; };
		9D8E9FB3263ED9D9002A6C11 /* BaseRepository.swift */ = {isa = PBXFileReference; lastKnownFileType = sourcecode.swift; path = BaseRepository.swift; sourceTree = "<group>"; };
		9D8E9FB5263EDA65002A6C11 /* MovieListUseCase.swift */ = {isa = PBXFileReference; lastKnownFileType = sourcecode.swift; path = MovieListUseCase.swift; sourceTree = "<group>"; };
		9D8E9FB7263EDB6F002A6C11 /* FetchMovieRequest.swift */ = {isa = PBXFileReference; lastKnownFileType = sourcecode.swift; path = FetchMovieRequest.swift; sourceTree = "<group>"; };
		9D8E9FBA263EE005002A6C11 /* Config.swift */ = {isa = PBXFileReference; lastKnownFileType = sourcecode.swift; path = Config.swift; sourceTree = "<group>"; };
		9D8E9FBC263EE3D9002A6C11 /* FetchMovieServices.swift */ = {isa = PBXFileReference; lastKnownFileType = sourcecode.swift; path = FetchMovieServices.swift; sourceTree = "<group>"; };
		9D8E9FBE263EE468002A6C11 /* MovieListModel.swift */ = {isa = PBXFileReference; lastKnownFileType = sourcecode.swift; path = MovieListModel.swift; sourceTree = "<group>"; };
		9D8E9FC8263EF08B002A6C11 /* UIView+SDWebImage.swift */ = {isa = PBXFileReference; lastKnownFileType = sourcecode.swift; path = "UIView+SDWebImage.swift"; sourceTree = "<group>"; };
		9D8E9FCA263EF0E5002A6C11 /* UIViewController+UIAlert.swift */ = {isa = PBXFileReference; lastKnownFileType = sourcecode.swift; path = "UIViewController+UIAlert.swift"; sourceTree = "<group>"; };
		F71F755687CA9F02BBB7DFC1 /* Pods_TheMovieDB.framework */ = {isa = PBXFileReference; explicitFileType = wrapper.framework; includeInIndex = 0; path = Pods_TheMovieDB.framework; sourceTree = BUILT_PRODUCTS_DIR; };
/* End PBXFileReference section */

/* Begin PBXFrameworksBuildPhase section */
		9D8E9E9D263E74C7002A6C11 /* Frameworks */ = {
			isa = PBXFrameworksBuildPhase;
			buildActionMask = 2147483647;
			files = (
				9D8E9F9C263ED5FB002A6C11 /* IQKeyboardManagerSwift in Frameworks */,
				9D8E9F4D263E8CAB002A6C11 /* TheMovieDBPersistence.framework in Frameworks */,
				9D8E9F49263E8CA5002A6C11 /* TheMovieDBNetwork.framework in Frameworks */,
				9D8E9F83263ECE5E002A6C11 /* SDWebImage in Frameworks */,
				368F44F3FE45486A04632256 /* Pods_TheMovieDB.framework in Frameworks */,
			);
			runOnlyForDeploymentPostprocessing = 0;
		};
/* End PBXFrameworksBuildPhase section */

/* Begin PBXGroup section */
		25ACF3ABC13F9307BB408549 /* Frameworks */ = {
			isa = PBXGroup;
			children = (
				9D8E9F4C263E8CAB002A6C11 /* TheMovieDBPersistence.framework */,
				9D8E9F48263E8CA5002A6C11 /* TheMovieDBNetwork.framework */,
				F71F755687CA9F02BBB7DFC1 /* Pods_TheMovieDB.framework */,
			);
			name = Frameworks;
			sourceTree = "<group>";
		};
		9D8E9E97263E74C7002A6C11 = {
			isa = PBXGroup;
			children = (
				9D8E9EA2263E74C7002A6C11 /* TheMovieDB */,
				9D8E9EA1263E74C7002A6C11 /* Products */,
				ACB71155E5CCD1720C0C8E4C /* Pods */,
				25ACF3ABC13F9307BB408549 /* Frameworks */,
			);
			sourceTree = "<group>";
		};
		9D8E9EA1263E74C7002A6C11 /* Products */ = {
			isa = PBXGroup;
			children = (
				9D8E9EA0263E74C7002A6C11 /* TheMovieDB.app */,
			);
			name = Products;
			sourceTree = "<group>";
		};
		9D8E9EA2263E74C7002A6C11 /* TheMovieDB */ = {
			isa = PBXGroup;
			children = (
				9D8E9FAB263ED955002A6C11 /* Domain */,
				9D8E9FAE263ED981002A6C11 /* Network */,
				9D8E9FC0263EEF0D002A6C11 /* Application */,
				9D8E9FC1263EEF46002A6C11 /* Resources */,
				9D8E9FC4263EEFC6002A6C11 /* Supporting Files */,
			);
			path = TheMovieDB;
			sourceTree = "<group>";
		};
		9D8E9FAB263ED955002A6C11 /* Domain */ = {
			isa = PBXGroup;
			children = (
				9D8E9FAC263ED962002A6C11 /* Entities */,
				9D8E9FAD263ED96A002A6C11 /* UseCases */,
			);
			path = Domain;
			sourceTree = "<group>";
		};
		9D8E9FAC263ED962002A6C11 /* Entities */ = {
			isa = PBXGroup;
			children = (
				9D8E9FBE263EE468002A6C11 /* MovieListModel.swift */,
			);
			path = Entities;
			sourceTree = "<group>";
		};
		9D8E9FAD263ED96A002A6C11 /* UseCases */ = {
			isa = PBXGroup;
			children = (
				9D8E9FB5263EDA65002A6C11 /* MovieListUseCase.swift */,
			);
			path = UseCases;
			sourceTree = "<group>";
		};
		9D8E9FAE263ED981002A6C11 /* Network */ = {
			isa = PBXGroup;
			children = (
				9D8E9FB0263ED997002A6C11 /* Requests */,
				9D8E9FAF263ED98C002A6C11 /* Services */,
				9D8E9FB1263ED9C9002A6C11 /* BaseApiClient.swift */,
				9D8E9FB3263ED9D9002A6C11 /* BaseRepository.swift */,
			);
			path = Network;
			sourceTree = "<group>";
		};
		9D8E9FAF263ED98C002A6C11 /* Services */ = {
			isa = PBXGroup;
			children = (
				9D8E9FBC263EE3D9002A6C11 /* FetchMovieServices.swift */,
			);
			path = Services;
			sourceTree = "<group>";
		};
		9D8E9FB0263ED997002A6C11 /* Requests */ = {
			isa = PBXGroup;
			children = (
				9D8E9FB7263EDB6F002A6C11 /* FetchMovieRequest.swift */,
			);
			path = Requests;
			sourceTree = "<group>";
		};
		9D8E9FB9263EDFF5002A6C11 /* Config */ = {
			isa = PBXGroup;
			children = (
				9D8E9FBA263EE005002A6C11 /* Config.swift */,
			);
			path = Config;
			sourceTree = "<group>";
		};
		9D8E9FC0263EEF0D002A6C11 /* Application */ = {
			isa = PBXGroup;
			children = (
				9D8E9FC6263EF02D002A6C11 /* Utils */,
				9D8E9FC5263EEFFB002A6C11 /* Scenes */,
				9D8E9EA3263E74C7002A6C11 /* AppDelegate.swift */,
			);
			path = Application;
			sourceTree = "<group>";
		};
		9D8E9FC1263EEF46002A6C11 /* Resources */ = {
			isa = PBXGroup;
			children = (
				9D8E9FB9263EDFF5002A6C11 /* Config */,
				9D8E9FC3263EEF75002A6C11 /* Assets */,
				9D8E9FC2263EEF70002A6C11 /* Fonts */,
			);
			path = Resources;
			sourceTree = "<group>";
		};
		9D8E9FC2263EEF70002A6C11 /* Fonts */ = {
			isa = PBXGroup;
			children = (
			);
			path = Fonts;
			sourceTree = "<group>";
		};
		9D8E9FC3263EEF75002A6C11 /* Assets */ = {
			isa = PBXGroup;
			children = (
				9D8E9EAF263E74C7002A6C11 /* Assets.xcassets */,
			);
			path = Assets;
			sourceTree = "<group>";
		};
		9D8E9FC4263EEFC6002A6C11 /* Supporting Files */ = {
			isa = PBXGroup;
			children = (
				9D8E9EB1263E74C7002A6C11 /* LaunchScreen.storyboard */,
				9D8E9EB4263E74C7002A6C11 /* Info.plist */,
				9D8E9EAC263E74C7002A6C11 /* TheMovieDB.xcdatamodeld */,
			);
			path = "Supporting Files";
			sourceTree = "<group>";
		};
		9D8E9FC5263EEFFB002A6C11 /* Scenes */ = {
			isa = PBXGroup;
			children = (
				9D8E9EA7263E74C7002A6C11 /* ViewController.swift */,
				9D8E9EA9263E74C7002A6C11 /* Main.storyboard */,
			);
			path = Scenes;
			sourceTree = "<group>";
		};
		9D8E9FC6263EF02D002A6C11 /* Utils */ = {
			isa = PBXGroup;
			children = (
				9D8E9FC7263EF034002A6C11 /* Extension */,
			);
			path = Utils;
			sourceTree = "<group>";
		};
		9D8E9FC7263EF034002A6C11 /* Extension */ = {
			isa = PBXGroup;
			children = (
				9D8E9FC8263EF08B002A6C11 /* UIView+SDWebImage.swift */,
				9D8E9FCA263EF0E5002A6C11 /* UIViewController+UIAlert.swift */,
			);
			path = Extension;
			sourceTree = "<group>";
		};
		ACB71155E5CCD1720C0C8E4C /* Pods */ = {
			isa = PBXGroup;
			children = (
				5B5B8062E2F74AB52E83B70C /* Pods-TheMovieDB.debug.xcconfig */,
				349C963DBFBD338DDF48214D /* Pods-TheMovieDB.release.xcconfig */,
			);
			path = Pods;
			sourceTree = "<group>";
		};
/* End PBXGroup section */

/* Begin PBXNativeTarget section */
		9D8E9E9F263E74C7002A6C11 /* TheMovieDB */ = {
			isa = PBXNativeTarget;
			buildConfigurationList = 9D8E9EB7263E74C7002A6C11 /* Build configuration list for PBXNativeTarget "TheMovieDB" */;
			buildPhases = (
				DD8A70238463DFC5825E63EA /* [CP] Check Pods Manifest.lock */,
				9D8E9E9C263E74C7002A6C11 /* Sources */,
				9D8E9E9D263E74C7002A6C11 /* Frameworks */,
				9D8E9E9E263E74C7002A6C11 /* Resources */,
				9D8E9F4B263E8CA5002A6C11 /* Embed Frameworks */,
				FD8956E9155D1FAE7544C41D /* [CP] Embed Pods Frameworks */,
			);
			buildRules = (
			);
			dependencies = (
			);
			name = TheMovieDB;
			packageProductDependencies = (
				9D8E9F82263ECE5E002A6C11 /* SDWebImage */,
				9D8E9F9B263ED5FB002A6C11 /* IQKeyboardManagerSwift */,
			);
			productName = TheMovieDB;
			productReference = 9D8E9EA0263E74C7002A6C11 /* TheMovieDB.app */;
			productType = "com.apple.product-type.application";
		};
/* End PBXNativeTarget section */

/* Begin PBXProject section */
		9D8E9E98263E74C7002A6C11 /* Project object */ = {
			isa = PBXProject;
			attributes = {
				LastSwiftUpdateCheck = 1240;
				LastUpgradeCheck = 1240;
				TargetAttributes = {
					9D8E9E9F263E74C7002A6C11 = {
						CreatedOnToolsVersion = 12.4;
					};
				};
			};
			buildConfigurationList = 9D8E9E9B263E74C7002A6C11 /* Build configuration list for PBXProject "TheMovieDB" */;
			compatibilityVersion = "Xcode 9.3";
			developmentRegion = en;
			hasScannedForEncodings = 0;
			knownRegions = (
				en,
				Base,
			);
			mainGroup = 9D8E9E97263E74C7002A6C11;
			packageReferences = (
				9D8E9F81263ECE5E002A6C11 /* XCRemoteSwiftPackageReference "SDWebImage" */,
				9D8E9F9A263ED5FB002A6C11 /* XCRemoteSwiftPackageReference "IQKeyboardManager" */,
			);
			productRefGroup = 9D8E9EA1263E74C7002A6C11 /* Products */;
			projectDirPath = "";
			projectRoot = "";
			targets = (
				9D8E9E9F263E74C7002A6C11 /* TheMovieDB */,
			);
		};
/* End PBXProject section */

/* Begin PBXResourcesBuildPhase section */
		9D8E9E9E263E74C7002A6C11 /* Resources */ = {
			isa = PBXResourcesBuildPhase;
			buildActionMask = 2147483647;
			files = (
				9D8E9EB3263E74C7002A6C11 /* LaunchScreen.storyboard in Resources */,
				9D8E9EB0263E74C7002A6C11 /* Assets.xcassets in Resources */,
				9D8E9EAB263E74C7002A6C11 /* Main.storyboard in Resources */,
			);
			runOnlyForDeploymentPostprocessing = 0;
		};
/* End PBXResourcesBuildPhase section */

/* Begin PBXShellScriptBuildPhase section */
		DD8A70238463DFC5825E63EA /* [CP] Check Pods Manifest.lock */ = {
			isa = PBXShellScriptBuildPhase;
			buildActionMask = 2147483647;
			files = (
			);
			inputFileListPaths = (
			);
			inputPaths = (
				"${PODS_PODFILE_DIR_PATH}/Podfile.lock",
				"${PODS_ROOT}/Manifest.lock",
			);
			name = "[CP] Check Pods Manifest.lock";
			outputFileListPaths = (
			);
			outputPaths = (
				"$(DERIVED_FILE_DIR)/Pods-TheMovieDB-checkManifestLockResult.txt",
			);
			runOnlyForDeploymentPostprocessing = 0;
			shellPath = /bin/sh;
			shellScript = "diff \"${PODS_PODFILE_DIR_PATH}/Podfile.lock\" \"${PODS_ROOT}/Manifest.lock\" > /dev/null\nif [ $? != 0 ] ; then\n    # print error to STDERR\n    echo \"error: The sandbox is not in sync with the Podfile.lock. Run 'pod install' or update your CocoaPods installation.\" >&2\n    exit 1\nfi\n# This output is used by Xcode 'outputs' to avoid re-running this script phase.\necho \"SUCCESS\" > \"${SCRIPT_OUTPUT_FILE_0}\"\n";
			showEnvVarsInLog = 0;
		};
		FD8956E9155D1FAE7544C41D /* [CP] Embed Pods Frameworks */ = {
			isa = PBXShellScriptBuildPhase;
			buildActionMask = 2147483647;
			files = (
			);
			inputFileListPaths = (
				"${PODS_ROOT}/Target Support Files/Pods-TheMovieDB/Pods-TheMovieDB-frameworks-${CONFIGURATION}-input-files.xcfilelist",
			);
			name = "[CP] Embed Pods Frameworks";
			outputFileListPaths = (
				"${PODS_ROOT}/Target Support Files/Pods-TheMovieDB/Pods-TheMovieDB-frameworks-${CONFIGURATION}-output-files.xcfilelist",
			);
			runOnlyForDeploymentPostprocessing = 0;
			shellPath = /bin/sh;
			shellScript = "\"${PODS_ROOT}/Target Support Files/Pods-TheMovieDB/Pods-TheMovieDB-frameworks.sh\"\n";
			showEnvVarsInLog = 0;
		};
/* End PBXShellScriptBuildPhase section */

/* Begin PBXSourcesBuildPhase section */
		9D8E9E9C263E74C7002A6C11 /* Sources */ = {
			isa = PBXSourcesBuildPhase;
			buildActionMask = 2147483647;
			files = (
				9D8E9FC9263EF08B002A6C11 /* UIView+SDWebImage.swift in Sources */,
				9D8E9FBD263EE3D9002A6C11 /* FetchMovieServices.swift in Sources */,
				9D8E9EA8263E74C7002A6C11 /* ViewController.swift in Sources */,
				9D8E9FCB263EF0E5002A6C11 /* UIViewController+UIAlert.swift in Sources */,
				9D8E9FB8263EDB6F002A6C11 /* FetchMovieRequest.swift in Sources */,
				9D8E9EA4263E74C7002A6C11 /* AppDelegate.swift in Sources */,
				9D8E9FB6263EDA65002A6C11 /* MovieListUseCase.swift in Sources */,
				9D8E9FB2263ED9C9002A6C11 /* BaseApiClient.swift in Sources */,
				9D8E9FBF263EE468002A6C11 /* MovieListModel.swift in Sources */,
				9D8E9FBB263EE005002A6C11 /* Config.swift in Sources */,
				9D8E9FB4263ED9D9002A6C11 /* BaseRepository.swift in Sources */,
				9D8E9EAE263E74C7002A6C11 /* TheMovieDB.xcdatamodeld in Sources */,
			);
			runOnlyForDeploymentPostprocessing = 0;
		};
/* End PBXSourcesBuildPhase section */

/* Begin PBXVariantGroup section */
		9D8E9EA9263E74C7002A6C11 /* Main.storyboard */ = {
			isa = PBXVariantGroup;
			children = (
				9D8E9EAA263E74C7002A6C11 /* Base */,
			);
			name = Main.storyboard;
			sourceTree = "<group>";
		};
		9D8E9EB1263E74C7002A6C11 /* LaunchScreen.storyboard */ = {
			isa = PBXVariantGroup;
			children = (
				9D8E9EB2263E74C7002A6C11 /* Base */,
			);
			name = LaunchScreen.storyboard;
			sourceTree = "<group>";
		};
/* End PBXVariantGroup section */

/* Begin XCBuildConfiguration section */
		9D8E9EB5263E74C7002A6C11 /* Debug */ = {
			isa = XCBuildConfiguration;
			buildSettings = {
				ALWAYS_SEARCH_USER_PATHS = NO;
				CLANG_ANALYZER_NONNULL = YES;
				CLANG_ANALYZER_NUMBER_OBJECT_CONVERSION = YES_AGGRESSIVE;
				CLANG_CXX_LANGUAGE_STANDARD = "gnu++14";
				CLANG_CXX_LIBRARY = "libc++";
				CLANG_ENABLE_MODULES = YES;
				CLANG_ENABLE_OBJC_ARC = YES;
				CLANG_ENABLE_OBJC_WEAK = YES;
				CLANG_WARN_BLOCK_CAPTURE_AUTORELEASING = YES;
				CLANG_WARN_BOOL_CONVERSION = YES;
				CLANG_WARN_COMMA = YES;
				CLANG_WARN_CONSTANT_CONVERSION = YES;
				CLANG_WARN_DEPRECATED_OBJC_IMPLEMENTATIONS = YES;
				CLANG_WARN_DIRECT_OBJC_ISA_USAGE = YES_ERROR;
				CLANG_WARN_DOCUMENTATION_COMMENTS = YES;
				CLANG_WARN_EMPTY_BODY = YES;
				CLANG_WARN_ENUM_CONVERSION = YES;
				CLANG_WARN_INFINITE_RECURSION = YES;
				CLANG_WARN_INT_CONVERSION = YES;
				CLANG_WARN_NON_LITERAL_NULL_CONVERSION = YES;
				CLANG_WARN_OBJC_IMPLICIT_RETAIN_SELF = YES;
				CLANG_WARN_OBJC_LITERAL_CONVERSION = YES;
				CLANG_WARN_OBJC_ROOT_CLASS = YES_ERROR;
				CLANG_WARN_QUOTED_INCLUDE_IN_FRAMEWORK_HEADER = YES;
				CLANG_WARN_RANGE_LOOP_ANALYSIS = YES;
				CLANG_WARN_STRICT_PROTOTYPES = YES;
				CLANG_WARN_SUSPICIOUS_MOVE = YES;
				CLANG_WARN_UNGUARDED_AVAILABILITY = YES_AGGRESSIVE;
				CLANG_WARN_UNREACHABLE_CODE = YES;
				CLANG_WARN__DUPLICATE_METHOD_MATCH = YES;
				COPY_PHASE_STRIP = NO;
				DEBUG_INFORMATION_FORMAT = dwarf;
				ENABLE_STRICT_OBJC_MSGSEND = YES;
				ENABLE_TESTABILITY = YES;
				GCC_C_LANGUAGE_STANDARD = gnu11;
				GCC_DYNAMIC_NO_PIC = NO;
				GCC_NO_COMMON_BLOCKS = YES;
				GCC_OPTIMIZATION_LEVEL = 0;
				GCC_PREPROCESSOR_DEFINITIONS = (
					"DEBUG=1",
					"$(inherited)",
				);
				GCC_WARN_64_TO_32_BIT_CONVERSION = YES;
				GCC_WARN_ABOUT_RETURN_TYPE = YES_ERROR;
				GCC_WARN_UNDECLARED_SELECTOR = YES;
				GCC_WARN_UNINITIALIZED_AUTOS = YES_AGGRESSIVE;
				GCC_WARN_UNUSED_FUNCTION = YES;
				GCC_WARN_UNUSED_VARIABLE = YES;
				IPHONEOS_DEPLOYMENT_TARGET = 11.0;
				MTL_ENABLE_DEBUG_INFO = INCLUDE_SOURCE;
				MTL_FAST_MATH = YES;
				ONLY_ACTIVE_ARCH = YES;
				SDKROOT = iphoneos;
				SWIFT_ACTIVE_COMPILATION_CONDITIONS = DEBUG;
				SWIFT_OPTIMIZATION_LEVEL = "-Onone";
			};
			name = Debug;
		};
		9D8E9EB6263E74C7002A6C11 /* Release */ = {
			isa = XCBuildConfiguration;
			buildSettings = {
				ALWAYS_SEARCH_USER_PATHS = NO;
				CLANG_ANALYZER_NONNULL = YES;
				CLANG_ANALYZER_NUMBER_OBJECT_CONVERSION = YES_AGGRESSIVE;
				CLANG_CXX_LANGUAGE_STANDARD = "gnu++14";
				CLANG_CXX_LIBRARY = "libc++";
				CLANG_ENABLE_MODULES = YES;
				CLANG_ENABLE_OBJC_ARC = YES;
				CLANG_ENABLE_OBJC_WEAK = YES;
				CLANG_WARN_BLOCK_CAPTURE_AUTORELEASING = YES;
				CLANG_WARN_BOOL_CONVERSION = YES;
				CLANG_WARN_COMMA = YES;
				CLANG_WARN_CONSTANT_CONVERSION = YES;
				CLANG_WARN_DEPRECATED_OBJC_IMPLEMENTATIONS = YES;
				CLANG_WARN_DIRECT_OBJC_ISA_USAGE = YES_ERROR;
				CLANG_WARN_DOCUMENTATION_COMMENTS = YES;
				CLANG_WARN_EMPTY_BODY = YES;
				CLANG_WARN_ENUM_CONVERSION = YES;
				CLANG_WARN_INFINITE_RECURSION = YES;
				CLANG_WARN_INT_CONVERSION = YES;
				CLANG_WARN_NON_LITERAL_NULL_CONVERSION = YES;
				CLANG_WARN_OBJC_IMPLICIT_RETAIN_SELF = YES;
				CLANG_WARN_OBJC_LITERAL_CONVERSION = YES;
				CLANG_WARN_OBJC_ROOT_CLASS = YES_ERROR;
				CLANG_WARN_QUOTED_INCLUDE_IN_FRAMEWORK_HEADER = YES;
				CLANG_WARN_RANGE_LOOP_ANALYSIS = YES;
				CLANG_WARN_STRICT_PROTOTYPES = YES;
				CLANG_WARN_SUSPICIOUS_MOVE = YES;
				CLANG_WARN_UNGUARDED_AVAILABILITY = YES_AGGRESSIVE;
				CLANG_WARN_UNREACHABLE_CODE = YES;
				CLANG_WARN__DUPLICATE_METHOD_MATCH = YES;
				COPY_PHASE_STRIP = NO;
				DEBUG_INFORMATION_FORMAT = "dwarf-with-dsym";
				ENABLE_NS_ASSERTIONS = NO;
				ENABLE_STRICT_OBJC_MSGSEND = YES;
				GCC_C_LANGUAGE_STANDARD = gnu11;
				GCC_NO_COMMON_BLOCKS = YES;
				GCC_WARN_64_TO_32_BIT_CONVERSION = YES;
				GCC_WARN_ABOUT_RETURN_TYPE = YES_ERROR;
				GCC_WARN_UNDECLARED_SELECTOR = YES;
				GCC_WARN_UNINITIALIZED_AUTOS = YES_AGGRESSIVE;
				GCC_WARN_UNUSED_FUNCTION = YES;
				GCC_WARN_UNUSED_VARIABLE = YES;
				IPHONEOS_DEPLOYMENT_TARGET = 11.0;
				MTL_ENABLE_DEBUG_INFO = NO;
				MTL_FAST_MATH = YES;
				SDKROOT = iphoneos;
				SWIFT_COMPILATION_MODE = wholemodule;
				SWIFT_OPTIMIZATION_LEVEL = "-O";
				VALIDATE_PRODUCT = YES;
			};
			name = Release;
		};
		9D8E9EB8263E74C7002A6C11 /* Debug */ = {
			isa = XCBuildConfiguration;
			baseConfigurationReference = 5B5B8062E2F74AB52E83B70C /* Pods-TheMovieDB.debug.xcconfig */;
			buildSettings = {
				ASSETCATALOG_COMPILER_APPICON_NAME = AppIcon;
				ASSETCATALOG_COMPILER_GLOBAL_ACCENT_COLOR_NAME = AccentColor;
				CODE_SIGN_STYLE = Automatic;
				INFOPLIST_FILE = "TheMovieDB/Supporting Files/Info.plist";
				LD_RUNPATH_SEARCH_PATHS = (
					"$(inherited)",
					"@executable_path/Frameworks",
				);
				PRODUCT_BUNDLE_IDENTIFIER = com.developer.TheMovieDB;
				PRODUCT_NAME = "$(TARGET_NAME)";
				SWIFT_VERSION = 5.0;
				TARGETED_DEVICE_FAMILY = "1,2";
			};
			name = Debug;
		};
		9D8E9EB9263E74C7002A6C11 /* Release */ = {
			isa = XCBuildConfiguration;
			baseConfigurationReference = 349C963DBFBD338DDF48214D /* Pods-TheMovieDB.release.xcconfig */;
			buildSettings = {
				ASSETCATALOG_COMPILER_APPICON_NAME = AppIcon;
				ASSETCATALOG_COMPILER_GLOBAL_ACCENT_COLOR_NAME = AccentColor;
				CODE_SIGN_STYLE = Automatic;
				INFOPLIST_FILE = "TheMovieDB/Supporting Files/Info.plist";
				LD_RUNPATH_SEARCH_PATHS = (
					"$(inherited)",
					"@executable_path/Frameworks",
				);
				PRODUCT_BUNDLE_IDENTIFIER = com.developer.TheMovieDB;
				PRODUCT_NAME = "$(TARGET_NAME)";
				SWIFT_VERSION = 5.0;
				TARGETED_DEVICE_FAMILY = "1,2";
			};
			name = Release;
		};
/* End XCBuildConfiguration section */

/* Begin XCConfigurationList section */
		9D8E9E9B263E74C7002A6C11 /* Build configuration list for PBXProject "TheMovieDB" */ = {
			isa = XCConfigurationList;
			buildConfigurations = (
				9D8E9EB5263E74C7002A6C11 /* Debug */,
				9D8E9EB6263E74C7002A6C11 /* Release */,
			);
			defaultConfigurationIsVisible = 0;
			defaultConfigurationName = Release;
		};
		9D8E9EB7263E74C7002A6C11 /* Build configuration list for PBXNativeTarget "TheMovieDB" */ = {
			isa = XCConfigurationList;
			buildConfigurations = (
				9D8E9EB8263E74C7002A6C11 /* Debug */,
				9D8E9EB9263E74C7002A6C11 /* Release */,
			);
			defaultConfigurationIsVisible = 0;
			defaultConfigurationName = Release;
		};
/* End XCConfigurationList section */

/* Begin XCRemoteSwiftPackageReference section */
		9D8E9F81263ECE5E002A6C11 /* XCRemoteSwiftPackageReference "SDWebImage" */ = {
			isa = XCRemoteSwiftPackageReference;
			repositoryURL = "https://github.com/SDWebImage/SDWebImage";
			requirement = {
				kind = upToNextMajorVersion;
				minimumVersion = 5.11.1;
			};
		};
		9D8E9F9A263ED5FB002A6C11 /* XCRemoteSwiftPackageReference "IQKeyboardManager" */ = {
			isa = XCRemoteSwiftPackageReference;
			repositoryURL = "https://github.com/hackiftekhar/IQKeyboardManager";
			requirement = {
				kind = upToNextMajorVersion;
				minimumVersion = 6.5.6;
			};
		};
/* End XCRemoteSwiftPackageReference section */

/* Begin XCSwiftPackageProductDependency section */
		9D8E9F82263ECE5E002A6C11 /* SDWebImage */ = {
			isa = XCSwiftPackageProductDependency;
			package = 9D8E9F81263ECE5E002A6C11 /* XCRemoteSwiftPackageReference "SDWebImage" */;
			productName = SDWebImage;
		};
		9D8E9F9B263ED5FB002A6C11 /* IQKeyboardManagerSwift */ = {
			isa = XCSwiftPackageProductDependency;
			package = 9D8E9F9A263ED5FB002A6C11 /* XCRemoteSwiftPackageReference "IQKeyboardManager" */;
			productName = IQKeyboardManagerSwift;
		};
/* End XCSwiftPackageProductDependency section */

/* Begin XCVersionGroup section */
		9D8E9EAC263E74C7002A6C11 /* TheMovieDB.xcdatamodeld */ = {
			isa = XCVersionGroup;
			children = (
				9D8E9EAD263E74C7002A6C11 /* TheMovieDB.xcdatamodel */,
			);
			currentVersion = 9D8E9EAD263E74C7002A6C11 /* TheMovieDB.xcdatamodel */;
			path = TheMovieDB.xcdatamodeld;
			sourceTree = "<group>";
			versionGroupType = wrapper.xcdatamodel;
		};
/* End XCVersionGroup section */
	};
	rootObject = 9D8E9E98263E74C7002A6C11 /* Project object */;
}
