// !$*UTF8*$!
{
	archiveVersion = 1;
	classes = {
	};
	objectVersion = 52;
	objects = {

/* Begin PBXBuildFile section */
		362E3F8E28EEFDB5003AAA5A /* Dimension.swift in Sources */ = {isa = PBXBuildFile; fileRef = 362E3F8B28EEFDB5003AAA5A /* Dimension.swift */; };
		362E3F8F28EEFDB5003AAA5A /* Device.swift in Sources */ = {isa = PBXBuildFile; fileRef = 362E3F8C28EEFDB5003AAA5A /* Device.swift */; };
		362E3F9028EEFDB5003AAA5A /* Font.swift in Sources */ = {isa = PBXBuildFile; fileRef = 362E3F8D28EEFDB5003AAA5A /* Font.swift */; };
		362E3F9428EEFDBE003AAA5A /* CGFloatExtension.swift in Sources */ = {isa = PBXBuildFile; fileRef = 362E3F9228EEFDBE003AAA5A /* CGFloatExtension.swift */; };
		362E3F9528EEFDBE003AAA5A /* UIViewExtension.swift in Sources */ = {isa = PBXBuildFile; fileRef = 362E3F9328EEFDBE003AAA5A /* UIViewExtension.swift */; };
		362E3F9728EEFDC6003AAA5A /* AdaptiveLayoutHelper.swift in Sources */ = {isa = PBXBuildFile; fileRef = 362E3F9628EEFDC6003AAA5A /* AdaptiveLayoutHelper.swift */; };
		362E3F9928EEFDD2003AAA5A /* AdaptedConstraint.swift in Sources */ = {isa = PBXBuildFile; fileRef = 362E3F9828EEFDD2003AAA5A /* AdaptedConstraint.swift */; };
		3636458E285B3F6D006E09B8 /* Colors.xcassets in Resources */ = {isa = PBXBuildFile; fileRef = 3636458D285B3F6D006E09B8 /* Colors.xcassets */; };
		3672E4EE285A3B5800553499 /* GenresCell.swift in Sources */ = {isa = PBXBuildFile; fileRef = 3672E4EC285A3B5800553499 /* GenresCell.swift */; };
		3672E4EF285A3B5800553499 /* GenresCell.xib in Resources */ = {isa = PBXBuildFile; fileRef = 3672E4ED285A3B5800553499 /* GenresCell.xib */; };
		368F44F3FE45486A04632256 /* Pods_TheMovieDB.framework in Frameworks */ = {isa = PBXBuildFile; fileRef = F71F755687CA9F02BBB7DFC1 /* Pods_TheMovieDB.framework */; };
		36976AF6285F7AC50026435C /* LoadingButton.swift in Sources */ = {isa = PBXBuildFile; fileRef = 36976AF5285F7AC50026435C /* LoadingButton.swift */; };
		36CB9EC928BDE48B00B9FF2D /* MovieDetailsHeaderIPadCell.swift in Sources */ = {isa = PBXBuildFile; fileRef = 36CB9EC728BDE48B00B9FF2D /* MovieDetailsHeaderIPadCell.swift */; };
		36CB9ECA28BDE48B00B9FF2D /* MovieDetailsHeaderIPadCell.xib in Resources */ = {isa = PBXBuildFile; fileRef = 36CB9EC828BDE48B00B9FF2D /* MovieDetailsHeaderIPadCell.xib */; };
		9D0C402E26F26317001A393D /* CMTime+Utilities.swift in Sources */ = {isa = PBXBuildFile; fileRef = 9D0C402926F26317001A393D /* CMTime+Utilities.swift */; };
		9D0C402F26F26317001A393D /* CustomAVPlayer.swift in Sources */ = {isa = PBXBuildFile; fileRef = 9D0C402A26F26317001A393D /* CustomAVPlayer.swift */; };
		9D0C403026F26317001A393D /* PlayerView.swift in Sources */ = {isa = PBXBuildFile; fileRef = 9D0C402B26F26317001A393D /* PlayerView.swift */; };
		9D0C403126F26317001A393D /* Player.swift in Sources */ = {isa = PBXBuildFile; fileRef = 9D0C402C26F26317001A393D /* Player.swift */; };
		9D0C403226F26317001A393D /* AVPlayer+Utilities.swift in Sources */ = {isa = PBXBuildFile; fileRef = 9D0C402D26F26317001A393D /* AVPlayer+Utilities.swift */; };
		9D0C403426F2F037001A393D /* VideoResponse.swift in Sources */ = {isa = PBXBuildFile; fileRef = 9D0C403326F2F037001A393D /* VideoResponse.swift */; };
		9D24376C265151DF005DD744 /* StarRatingStackView.swift in Sources */ = {isa = PBXBuildFile; fileRef = 9D24376B265151DF005DD744 /* StarRatingStackView.swift */; };
		9D24376E26515212005DD744 /* StarRatingStackView.xib in Resources */ = {isa = PBXBuildFile; fileRef = 9D24376D26515212005DD744 /* StarRatingStackView.xib */; };
		9D24377026515228005DD744 /* StarRatingView.swift in Sources */ = {isa = PBXBuildFile; fileRef = 9D24376F26515228005DD744 /* StarRatingView.swift */; };
		9D4D56D1264F9C14003B73D4 /* URLRepository.swift in Sources */ = {isa = PBXBuildFile; fileRef = 9D4D56D0264F9C14003B73D4 /* URLRepository.swift */; };
		9D4D56D5264FB734003B73D4 /* MovieListVC.swift in Sources */ = {isa = PBXBuildFile; fileRef = 9D4D56D4264FB734003B73D4 /* MovieListVC.swift */; };
		9D4D56D7264FB893003B73D4 /* MovieDetails.storyboard in Resources */ = {isa = PBXBuildFile; fileRef = 9D4D56D6264FB893003B73D4 /* MovieDetails.storyboard */; };
		9D4D56D9264FC5FC003B73D4 /* MovieListNavigator.swift in Sources */ = {isa = PBXBuildFile; fileRef = 9D4D56D8264FC5FC003B73D4 /* MovieListNavigator.swift */; };
		9D4D56DB264FCC71003B73D4 /* MovieListVwModel.swift in Sources */ = {isa = PBXBuildFile; fileRef = 9D4D56DA264FCC71003B73D4 /* MovieListVwModel.swift */; };
		9D4D56DF264FD31E003B73D4 /* LoaderCell.swift in Sources */ = {isa = PBXBuildFile; fileRef = 9D4D56DD264FD31E003B73D4 /* LoaderCell.swift */; };
		9D4D56E0264FD31E003B73D4 /* LoaderCell.xib in Resources */ = {isa = PBXBuildFile; fileRef = 9D4D56DE264FD31E003B73D4 /* LoaderCell.xib */; };
		9D5A678B26A9B04C006EBB73 /* MovieHeaderCell.swift in Sources */ = {isa = PBXBuildFile; fileRef = 9D5A678926A9B04C006EBB73 /* MovieHeaderCell.swift */; };
		9D5A678C26A9B04C006EBB73 /* MovieHeaderCell.xib in Resources */ = {isa = PBXBuildFile; fileRef = 9D5A678A26A9B04C006EBB73 /* MovieHeaderCell.xib */; };
		9D5A678F26A9CE29006EBB73 /* MovieDetailsHeaderCell.swift in Sources */ = {isa = PBXBuildFile; fileRef = 9D5A678D26A9CE29006EBB73 /* MovieDetailsHeaderCell.swift */; };
		9D5A679026A9CE29006EBB73 /* MovieDetailsHeaderCell.xib in Resources */ = {isa = PBXBuildFile; fileRef = 9D5A678E26A9CE29006EBB73 /* MovieDetailsHeaderCell.xib */; };
		9D616B4A2666731F0054C6F5 /* VideoPlayer.storyboard in Resources */ = {isa = PBXBuildFile; fileRef = 9D616B492666731F0054C6F5 /* VideoPlayer.storyboard */; };
		9D616B4C266673340054C6F5 /* VideoPlayerVC.swift in Sources */ = {isa = PBXBuildFile; fileRef = 9D616B4B266673340054C6F5 /* VideoPlayerVC.swift */; };
		9D6789D726419B7600436134 /* Roboto-Light.ttf in Resources */ = {isa = PBXBuildFile; fileRef = 9D6789CB26419B7500436134 /* Roboto-Light.ttf */; };
		9D6789D826419B7600436134 /* Roboto-BlackItalic.ttf in Resources */ = {isa = PBXBuildFile; fileRef = 9D6789CC26419B7500436134 /* Roboto-BlackItalic.ttf */; };
		9D6789D926419B7600436134 /* Roboto-LightItalic.ttf in Resources */ = {isa = PBXBuildFile; fileRef = 9D6789CD26419B7500436134 /* Roboto-LightItalic.ttf */; };
		9D6789DA26419B7600436134 /* Roboto-BoldItalic.ttf in Resources */ = {isa = PBXBuildFile; fileRef = 9D6789CE26419B7600436134 /* Roboto-BoldItalic.ttf */; };
		9D6789DB26419B7600436134 /* Roboto-ThinItalic.ttf in Resources */ = {isa = PBXBuildFile; fileRef = 9D6789CF26419B7600436134 /* Roboto-ThinItalic.ttf */; };
		9D6789DC26419B7600436134 /* Roboto-Black.ttf in Resources */ = {isa = PBXBuildFile; fileRef = 9D6789D026419B7600436134 /* Roboto-Black.ttf */; };
		9D6789DD26419B7600436134 /* Roboto-Regular.ttf in Resources */ = {isa = PBXBuildFile; fileRef = 9D6789D126419B7600436134 /* Roboto-Regular.ttf */; };
		9D6789DE26419B7600436134 /* Roboto-Thin.ttf in Resources */ = {isa = PBXBuildFile; fileRef = 9D6789D226419B7600436134 /* Roboto-Thin.ttf */; };
		9D6789DF26419B7600436134 /* Roboto-Italic.ttf in Resources */ = {isa = PBXBuildFile; fileRef = 9D6789D326419B7600436134 /* Roboto-Italic.ttf */; };
		9D6789E026419B7600436134 /* Roboto-Medium.ttf in Resources */ = {isa = PBXBuildFile; fileRef = 9D6789D426419B7600436134 /* Roboto-Medium.ttf */; };
		9D6789E126419B7600436134 /* Roboto-MediumItalic.ttf in Resources */ = {isa = PBXBuildFile; fileRef = 9D6789D526419B7600436134 /* Roboto-MediumItalic.ttf */; };
		9D6789E226419B7600436134 /* Roboto-Bold.ttf in Resources */ = {isa = PBXBuildFile; fileRef = 9D6789D626419B7600436134 /* Roboto-Bold.ttf */; };
		9D6789E4264250A500436134 /* TabBar.storyboard in Resources */ = {isa = PBXBuildFile; fileRef = 9D6789E3264250A500436134 /* TabBar.storyboard */; };
		9D6789E72642510E00436134 /* MainContainerVC.swift in Sources */ = {isa = PBXBuildFile; fileRef = 9D6789E62642510E00436134 /* MainContainerVC.swift */; };
		9D6789E92642517E00436134 /* BaseNavigator.swift in Sources */ = {isa = PBXBuildFile; fileRef = 9D6789E82642517E00436134 /* BaseNavigator.swift */; };
		9D6789EE26425EF000436134 /* HomeVC.swift in Sources */ = {isa = PBXBuildFile; fileRef = 9D6789ED26425EF000436134 /* HomeVC.swift */; };
		9D6789F126425F3A00436134 /* MovieHeaderView.swift in Sources */ = {isa = PBXBuildFile; fileRef = 9D6789F026425F3A00436134 /* MovieHeaderView.swift */; };
		9D6789F326425F4900436134 /* MovieHeaderView.xib in Resources */ = {isa = PBXBuildFile; fileRef = 9D6789F226425F4900436134 /* MovieHeaderView.xib */; };
		9D8254ED2649799E009DC983 /* BaseVC.swift in Sources */ = {isa = PBXBuildFile; fileRef = 9D8254EC2649799E009DC983 /* BaseVC.swift */; };
		9D8254F1264A34B7009DC983 /* MovieCarouselCell.swift in Sources */ = {isa = PBXBuildFile; fileRef = 9D8254EF264A34B6009DC983 /* MovieCarouselCell.swift */; };
		9D8254F2264A34B7009DC983 /* MovieCarouselCell.xib in Resources */ = {isa = PBXBuildFile; fileRef = 9D8254F0264A34B6009DC983 /* MovieCarouselCell.xib */; };
		9D8254F4264A34F1009DC983 /* DynamicHeightColvw.swift in Sources */ = {isa = PBXBuildFile; fileRef = 9D8254F3264A34F1009DC983 /* DynamicHeightColvw.swift */; };
		9D8254F7264A3DCB009DC983 /* MoviePosterCell.swift in Sources */ = {isa = PBXBuildFile; fileRef = 9D8254F5264A3DCB009DC983 /* MoviePosterCell.swift */; };
		9D8254F8264A3DCB009DC983 /* MoviePosterCell.xib in Resources */ = {isa = PBXBuildFile; fileRef = 9D8254F6264A3DCB009DC983 /* MoviePosterCell.xib */; };
		9D8254FA264AD6D5009DC983 /* HomeVwModel.swift in Sources */ = {isa = PBXBuildFile; fileRef = 9D8254F9264AD6D5009DC983 /* HomeVwModel.swift */; };
		9D8254FC264AE207009DC983 /* HomeModel.swift in Sources */ = {isa = PBXBuildFile; fileRef = 9D8254FB264AE207009DC983 /* HomeModel.swift */; };
		9D8E9EA4263E74C7002A6C11 /* AppDelegate.swift in Sources */ = {isa = PBXBuildFile; fileRef = 9D8E9EA3263E74C7002A6C11 /* AppDelegate.swift */; };
		9D8E9EA8263E74C7002A6C11 /* LaunchRootScreenVC.swift in Sources */ = {isa = PBXBuildFile; fileRef = 9D8E9EA7263E74C7002A6C11 /* LaunchRootScreenVC.swift */; };
		9D8E9EAB263E74C7002A6C11 /* Main.storyboard in Resources */ = {isa = PBXBuildFile; fileRef = 9D8E9EA9263E74C7002A6C11 /* Main.storyboard */; };
		9D8E9EAE263E74C7002A6C11 /* TheMovieDB.xcdatamodeld in Sources */ = {isa = PBXBuildFile; fileRef = 9D8E9EAC263E74C7002A6C11 /* TheMovieDB.xcdatamodeld */; };
		9D8E9EB0263E74C7002A6C11 /* Assets.xcassets in Resources */ = {isa = PBXBuildFile; fileRef = 9D8E9EAF263E74C7002A6C11 /* Assets.xcassets */; };
		9D8E9EB3263E74C7002A6C11 /* LaunchScreen.storyboard in Resources */ = {isa = PBXBuildFile; fileRef = 9D8E9EB1263E74C7002A6C11 /* LaunchScreen.storyboard */; };
		9D8E9F49263E8CA5002A6C11 /* TheMovieDBNetwork.framework in Frameworks */ = {isa = PBXBuildFile; fileRef = 9D8E9F48263E8CA5002A6C11 /* TheMovieDBNetwork.framework */; };
		9D8E9F4A263E8CA5002A6C11 /* TheMovieDBNetwork.framework in Embed Frameworks */ = {isa = PBXBuildFile; fileRef = 9D8E9F48263E8CA5002A6C11 /* TheMovieDBNetwork.framework */; settings = {ATTRIBUTES = (CodeSignOnCopy, RemoveHeadersOnCopy, ); }; };
		9D8E9F4D263E8CAB002A6C11 /* TheMovieDBPersistence.framework in Frameworks */ = {isa = PBXBuildFile; fileRef = 9D8E9F4C263E8CAB002A6C11 /* TheMovieDBPersistence.framework */; };
		9D8E9F4E263E8CAB002A6C11 /* TheMovieDBPersistence.framework in Embed Frameworks */ = {isa = PBXBuildFile; fileRef = 9D8E9F4C263E8CAB002A6C11 /* TheMovieDBPersistence.framework */; settings = {ATTRIBUTES = (CodeSignOnCopy, RemoveHeadersOnCopy, ); }; };
		9D8E9F83263ECE5E002A6C11 /* SDWebImage in Frameworks */ = {isa = PBXBuildFile; productRef = 9D8E9F82263ECE5E002A6C11 /* SDWebImage */; };
		9D8E9F9C263ED5FB002A6C11 /* IQKeyboardManagerSwift in Frameworks */ = {isa = PBXBuildFile; productRef = 9D8E9F9B263ED5FB002A6C11 /* IQKeyboardManagerSwift */; };
		9D8E9FB6263EDA65002A6C11 /* MovieListUseCase.swift in Sources */ = {isa = PBXBuildFile; fileRef = 9D8E9FB5263EDA65002A6C11 /* MovieListUseCase.swift */; };
		9D8E9FB8263EDB6F002A6C11 /* FetchMovieRequest.swift in Sources */ = {isa = PBXBuildFile; fileRef = 9D8E9FB7263EDB6F002A6C11 /* FetchMovieRequest.swift */; };
		9D8E9FBB263EE005002A6C11 /* Config.swift in Sources */ = {isa = PBXBuildFile; fileRef = 9D8E9FBA263EE005002A6C11 /* Config.swift */; };
		9D8E9FBD263EE3D9002A6C11 /* FetchMovieServices.swift in Sources */ = {isa = PBXBuildFile; fileRef = 9D8E9FBC263EE3D9002A6C11 /* FetchMovieServices.swift */; };
		9D8E9FBF263EE468002A6C11 /* MovieListResponse.swift in Sources */ = {isa = PBXBuildFile; fileRef = 9D8E9FBE263EE468002A6C11 /* MovieListResponse.swift */; };
		9D8E9FC9263EF08B002A6C11 /* UIView+SDWebImage.swift in Sources */ = {isa = PBXBuildFile; fileRef = 9D8E9FC8263EF08B002A6C11 /* UIView+SDWebImage.swift */; };
		9D8E9FCB263EF0E5002A6C11 /* UIViewController+UIAlert.swift in Sources */ = {isa = PBXBuildFile; fileRef = 9D8E9FCA263EF0E5002A6C11 /* UIViewController+UIAlert.swift */; };
		9D8E9FD9263FBFDB002A6C11 /* LaunchRootVwModel.swift in Sources */ = {isa = PBXBuildFile; fileRef = 9D8E9FD8263FBFDB002A6C11 /* LaunchRootVwModel.swift */; };
		9D8E9FDC263FC005002A6C11 /* SessionManager.swift in Sources */ = {isa = PBXBuildFile; fileRef = 9D8E9FDB263FC005002A6C11 /* SessionManager.swift */; };
		9D8E9FDF263FC061002A6C11 /* GenresModel.swift in Sources */ = {isa = PBXBuildFile; fileRef = 9D8E9FDE263FC061002A6C11 /* GenresModel.swift */; };
		9D8E9FE1263FD7F1002A6C11 /* FetchGenresServices.swift in Sources */ = {isa = PBXBuildFile; fileRef = 9D8E9FE0263FD7F1002A6C11 /* FetchGenresServices.swift */; };
		9D8E9FE3263FD82C002A6C11 /* FetchGenresRequest.swift in Sources */ = {isa = PBXBuildFile; fileRef = 9D8E9FE2263FD82C002A6C11 /* FetchGenresRequest.swift */; };
		9D8E9FE5263FD83D002A6C11 /* GenresListUseCase.swift in Sources */ = {isa = PBXBuildFile; fileRef = 9D8E9FE4263FD83D002A6C11 /* GenresListUseCase.swift */; };
		9D8F96D62653DC660025D78E /* CastAndCrewCell.swift in Sources */ = {isa = PBXBuildFile; fileRef = 9D8F96D42653DC660025D78E /* CastAndCrewCell.swift */; };
		9D8F96D72653DC660025D78E /* CastAndCrewCell.xib in Resources */ = {isa = PBXBuildFile; fileRef = 9D8F96D52653DC660025D78E /* CastAndCrewCell.xib */; };
		9D8F96D92653DE5D0025D78E /* CastAndCrewResponseModel.swift in Sources */ = {isa = PBXBuildFile; fileRef = 9D8F96D82653DE5D0025D78E /* CastAndCrewResponseModel.swift */; };
		9D9063C82652250D0015E771 /* StorylineCell.swift in Sources */ = {isa = PBXBuildFile; fileRef = 9D9063C62652250D0015E771 /* StorylineCell.swift */; };
		9D9063C92652250D0015E771 /* StorylineCell.xib in Resources */ = {isa = PBXBuildFile; fileRef = 9D9063C72652250D0015E771 /* StorylineCell.xib */; };
		9D9410AC2653FD7600E8B9C8 /* TrailersAndVideoResponseModel.swift in Sources */ = {isa = PBXBuildFile; fileRef = 9D9410AB2653FD7600E8B9C8 /* TrailersAndVideoResponseModel.swift */; };
		9D9410AF2655512700E8B9C8 /* MovieTrailersCell.swift in Sources */ = {isa = PBXBuildFile; fileRef = 9D9410AD2655512700E8B9C8 /* MovieTrailersCell.swift */; };
		9D9410B02655512700E8B9C8 /* MovieTrailersCell.xib in Resources */ = {isa = PBXBuildFile; fileRef = 9D9410AE2655512700E8B9C8 /* MovieTrailersCell.xib */; };
		9DB412572650EE2800B4F77F /* MovieDetailsHeaderView.swift in Sources */ = {isa = PBXBuildFile; fileRef = 9DB412562650EE2800B4F77F /* MovieDetailsHeaderView.swift */; };
		9DB412592650EE3800B4F77F /* MovieDetailsHeaderView.xib in Resources */ = {isa = PBXBuildFile; fileRef = 9DB412582650EE3800B4F77F /* MovieDetailsHeaderView.xib */; };
		9DB4125F265103EB00B4F77F /* MovieDetailsResponse.swift in Sources */ = {isa = PBXBuildFile; fileRef = 9DB4125E265103EB00B4F77F /* MovieDetailsResponse.swift */; };
		9DB412622651064900B4F77F /* AlignedCollectionViewFlowLayout.swift in Sources */ = {isa = PBXBuildFile; fileRef = 9DB412612651064900B4F77F /* AlignedCollectionViewFlowLayout.swift */; };
		9DB4126526510EBE00B4F77F /* MovieDetilsVC.swift in Sources */ = {isa = PBXBuildFile; fileRef = 9DB4126426510EBE00B4F77F /* MovieDetilsVC.swift */; };
		9DB4126726510F0F00B4F77F /* MovieDetailsVwModel.swift in Sources */ = {isa = PBXBuildFile; fileRef = 9DB4126626510F0F00B4F77F /* MovieDetailsVwModel.swift */; };
		9DB92F7F2658CC020015102C /* PlayerHandler.swift in Sources */ = {isa = PBXBuildFile; fileRef = 9DB92F7E2658CC020015102C /* PlayerHandler.swift */; };
/* End PBXBuildFile section */

/* Begin PBXCopyFilesBuildPhase section */
		9D8E9F4B263E8CA5002A6C11 /* Embed Frameworks */ = {
			isa = PBXCopyFilesBuildPhase;
			buildActionMask = 2147483647;
			dstPath = "";
			dstSubfolderSpec = 10;
			files = (
				9D8E9F4A263E8CA5002A6C11 /* TheMovieDBNetwork.framework in Embed Frameworks */,
				9D8E9F4E263E8CAB002A6C11 /* TheMovieDBPersistence.framework in Embed Frameworks */,
			);
			name = "Embed Frameworks";
			runOnlyForDeploymentPostprocessing = 0;
		};
/* End PBXCopyFilesBuildPhase section */

/* Begin PBXFileReference section */
		349C963DBFBD338DDF48214D /* Pods-TheMovieDB.release.xcconfig */ = {isa = PBXFileReference; includeInIndex = 1; lastKnownFileType = text.xcconfig; name = "Pods-TheMovieDB.release.xcconfig"; path = "Target Support Files/Pods-TheMovieDB/Pods-TheMovieDB.release.xcconfig"; sourceTree = "<group>"; };
		362E3F8B28EEFDB5003AAA5A /* Dimension.swift */ = {isa = PBXFileReference; fileEncoding = 4; lastKnownFileType = sourcecode.swift; path = Dimension.swift; sourceTree = "<group>"; };
		362E3F8C28EEFDB5003AAA5A /* Device.swift */ = {isa = PBXFileReference; fileEncoding = 4; lastKnownFileType = sourcecode.swift; path = Device.swift; sourceTree = "<group>"; };
		362E3F8D28EEFDB5003AAA5A /* Font.swift */ = {isa = PBXFileReference; fileEncoding = 4; lastKnownFileType = sourcecode.swift; path = Font.swift; sourceTree = "<group>"; };
		362E3F9228EEFDBE003AAA5A /* CGFloatExtension.swift */ = {isa = PBXFileReference; fileEncoding = 4; lastKnownFileType = sourcecode.swift; path = CGFloatExtension.swift; sourceTree = "<group>"; };
		362E3F9328EEFDBE003AAA5A /* UIViewExtension.swift */ = {isa = PBXFileReference; fileEncoding = 4; lastKnownFileType = sourcecode.swift; path = UIViewExtension.swift; sourceTree = "<group>"; };
		362E3F9628EEFDC6003AAA5A /* AdaptiveLayoutHelper.swift */ = {isa = PBXFileReference; fileEncoding = 4; lastKnownFileType = sourcecode.swift; path = AdaptiveLayoutHelper.swift; sourceTree = "<group>"; };
		362E3F9828EEFDD2003AAA5A /* AdaptedConstraint.swift */ = {isa = PBXFileReference; fileEncoding = 4; lastKnownFileType = sourcecode.swift; path = AdaptedConstraint.swift; sourceTree = "<group>"; };
		3636458D285B3F6D006E09B8 /* Colors.xcassets */ = {isa = PBXFileReference; lastKnownFileType = folder.assetcatalog; path = Colors.xcassets; sourceTree = "<group>"; };
		3672E4EC285A3B5800553499 /* GenresCell.swift */ = {isa = PBXFileReference; lastKnownFileType = sourcecode.swift; path = GenresCell.swift; sourceTree = "<group>"; };
		3672E4ED285A3B5800553499 /* GenresCell.xib */ = {isa = PBXFileReference; lastKnownFileType = file.xib; path = GenresCell.xib; sourceTree = "<group>"; };
		36976AF5285F7AC50026435C /* LoadingButton.swift */ = {isa = PBXFileReference; lastKnownFileType = sourcecode.swift; path = LoadingButton.swift; sourceTree = "<group>"; };
		36CB9EC728BDE48B00B9FF2D /* MovieDetailsHeaderIPadCell.swift */ = {isa = PBXFileReference; lastKnownFileType = sourcecode.swift; path = MovieDetailsHeaderIPadCell.swift; sourceTree = "<group>"; };
		36CB9EC828BDE48B00B9FF2D /* MovieDetailsHeaderIPadCell.xib */ = {isa = PBXFileReference; lastKnownFileType = file.xib; path = MovieDetailsHeaderIPadCell.xib; sourceTree = "<group>"; };
		5B5B8062E2F74AB52E83B70C /* Pods-TheMovieDB.debug.xcconfig */ = {isa = PBXFileReference; includeInIndex = 1; lastKnownFileType = text.xcconfig; name = "Pods-TheMovieDB.debug.xcconfig"; path = "Target Support Files/Pods-TheMovieDB/Pods-TheMovieDB.debug.xcconfig"; sourceTree = "<group>"; };
		9D0C402926F26317001A393D /* CMTime+Utilities.swift */ = {isa = PBXFileReference; fileEncoding = 4; lastKnownFileType = sourcecode.swift; path = "CMTime+Utilities.swift"; sourceTree = "<group>"; };
		9D0C402A26F26317001A393D /* CustomAVPlayer.swift */ = {isa = PBXFileReference; fileEncoding = 4; lastKnownFileType = sourcecode.swift; path = CustomAVPlayer.swift; sourceTree = "<group>"; };
		9D0C402B26F26317001A393D /* PlayerView.swift */ = {isa = PBXFileReference; fileEncoding = 4; lastKnownFileType = sourcecode.swift; path = PlayerView.swift; sourceTree = "<group>"; };
		9D0C402C26F26317001A393D /* Player.swift */ = {isa = PBXFileReference; fileEncoding = 4; lastKnownFileType = sourcecode.swift; path = Player.swift; sourceTree = "<group>"; };
		9D0C402D26F26317001A393D /* AVPlayer+Utilities.swift */ = {isa = PBXFileReference; fileEncoding = 4; lastKnownFileType = sourcecode.swift; path = "AVPlayer+Utilities.swift"; sourceTree = "<group>"; };
		9D0C403326F2F037001A393D /* VideoResponse.swift */ = {isa = PBXFileReference; lastKnownFileType = sourcecode.swift; path = VideoResponse.swift; sourceTree = "<group>"; };
		9D24376B265151DF005DD744 /* StarRatingStackView.swift */ = {isa = PBXFileReference; lastKnownFileType = sourcecode.swift; path = StarRatingStackView.swift; sourceTree = "<group>"; };
		9D24376D26515212005DD744 /* StarRatingStackView.xib */ = {isa = PBXFileReference; lastKnownFileType = file.xib; path = StarRatingStackView.xib; sourceTree = "<group>"; };
		9D24376F26515228005DD744 /* StarRatingView.swift */ = {isa = PBXFileReference; lastKnownFileType = sourcecode.swift; path = StarRatingView.swift; sourceTree = "<group>"; };
		9D4D56D0264F9C14003B73D4 /* URLRepository.swift */ = {isa = PBXFileReference; lastKnownFileType = sourcecode.swift; path = URLRepository.swift; sourceTree = "<group>"; };
		9D4D56D4264FB734003B73D4 /* MovieListVC.swift */ = {isa = PBXFileReference; lastKnownFileType = sourcecode.swift; path = MovieListVC.swift; sourceTree = "<group>"; };
		9D4D56D6264FB893003B73D4 /* MovieDetails.storyboard */ = {isa = PBXFileReference; lastKnownFileType = file.storyboard; path = MovieDetails.storyboard; sourceTree = "<group>"; };
		9D4D56D8264FC5FC003B73D4 /* MovieListNavigator.swift */ = {isa = PBXFileReference; lastKnownFileType = sourcecode.swift; path = MovieListNavigator.swift; sourceTree = "<group>"; };
		9D4D56DA264FCC71003B73D4 /* MovieListVwModel.swift */ = {isa = PBXFileReference; lastKnownFileType = sourcecode.swift; path = MovieListVwModel.swift; sourceTree = "<group>"; };
		9D4D56DD264FD31E003B73D4 /* LoaderCell.swift */ = {isa = PBXFileReference; lastKnownFileType = sourcecode.swift; path = LoaderCell.swift; sourceTree = "<group>"; };
		9D4D56DE264FD31E003B73D4 /* LoaderCell.xib */ = {isa = PBXFileReference; lastKnownFileType = file.xib; path = LoaderCell.xib; sourceTree = "<group>"; };
		9D5A678926A9B04C006EBB73 /* MovieHeaderCell.swift */ = {isa = PBXFileReference; lastKnownFileType = sourcecode.swift; path = MovieHeaderCell.swift; sourceTree = "<group>"; };
		9D5A678A26A9B04C006EBB73 /* MovieHeaderCell.xib */ = {isa = PBXFileReference; lastKnownFileType = file.xib; path = MovieHeaderCell.xib; sourceTree = "<group>"; };
		9D5A678D26A9CE29006EBB73 /* MovieDetailsHeaderCell.swift */ = {isa = PBXFileReference; lastKnownFileType = sourcecode.swift; path = MovieDetailsHeaderCell.swift; sourceTree = "<group>"; };
		9D5A678E26A9CE29006EBB73 /* MovieDetailsHeaderCell.xib */ = {isa = PBXFileReference; lastKnownFileType = file.xib; path = MovieDetailsHeaderCell.xib; sourceTree = "<group>"; };
		9D616B492666731F0054C6F5 /* VideoPlayer.storyboard */ = {isa = PBXFileReference; lastKnownFileType = file.storyboard; path = VideoPlayer.storyboard; sourceTree = "<group>"; };
		9D616B4B266673340054C6F5 /* VideoPlayerVC.swift */ = {isa = PBXFileReference; lastKnownFileType = sourcecode.swift; path = VideoPlayerVC.swift; sourceTree = "<group>"; };
		9D6789CB26419B7500436134 /* Roboto-Light.ttf */ = {isa = PBXFileReference; lastKnownFileType = file; path = "Roboto-Light.ttf"; sourceTree = "<group>"; };
		9D6789CC26419B7500436134 /* Roboto-BlackItalic.ttf */ = {isa = PBXFileReference; lastKnownFileType = file; path = "Roboto-BlackItalic.ttf"; sourceTree = "<group>"; };
		9D6789CD26419B7500436134 /* Roboto-LightItalic.ttf */ = {isa = PBXFileReference; lastKnownFileType = file; path = "Roboto-LightItalic.ttf"; sourceTree = "<group>"; };
		9D6789CE26419B7600436134 /* Roboto-BoldItalic.ttf */ = {isa = PBXFileReference; lastKnownFileType = file; path = "Roboto-BoldItalic.ttf"; sourceTree = "<group>"; };
		9D6789CF26419B7600436134 /* Roboto-ThinItalic.ttf */ = {isa = PBXFileReference; lastKnownFileType = file; path = "Roboto-ThinItalic.ttf"; sourceTree = "<group>"; };
		9D6789D026419B7600436134 /* Roboto-Black.ttf */ = {isa = PBXFileReference; lastKnownFileType = file; path = "Roboto-Black.ttf"; sourceTree = "<group>"; };
		9D6789D126419B7600436134 /* Roboto-Regular.ttf */ = {isa = PBXFileReference; lastKnownFileType = file; path = "Roboto-Regular.ttf"; sourceTree = "<group>"; };
		9D6789D226419B7600436134 /* Roboto-Thin.ttf */ = {isa = PBXFileReference; lastKnownFileType = file; path = "Roboto-Thin.ttf"; sourceTree = "<group>"; };
		9D6789D326419B7600436134 /* Roboto-Italic.ttf */ = {isa = PBXFileReference; lastKnownFileType = file; path = "Roboto-Italic.ttf"; sourceTree = "<group>"; };
		9D6789D426419B7600436134 /* Roboto-Medium.ttf */ = {isa = PBXFileReference; lastKnownFileType = file; path = "Roboto-Medium.ttf"; sourceTree = "<group>"; };
		9D6789D526419B7600436134 /* Roboto-MediumItalic.ttf */ = {isa = PBXFileReference; lastKnownFileType = file; path = "Roboto-MediumItalic.ttf"; sourceTree = "<group>"; };
		9D6789D626419B7600436134 /* Roboto-Bold.ttf */ = {isa = PBXFileReference; lastKnownFileType = file; path = "Roboto-Bold.ttf"; sourceTree = "<group>"; };
		9D6789E3264250A500436134 /* TabBar.storyboard */ = {isa = PBXFileReference; lastKnownFileType = file.storyboard; path = TabBar.storyboard; sourceTree = "<group>"; };
		9D6789E62642510E00436134 /* MainContainerVC.swift */ = {isa = PBXFileReference; lastKnownFileType = sourcecode.swift; path = MainContainerVC.swift; sourceTree = "<group>"; };
		9D6789E82642517E00436134 /* BaseNavigator.swift */ = {isa = PBXFileReference; lastKnownFileType = sourcecode.swift; path = BaseNavigator.swift; sourceTree = "<group>"; };
		9D6789ED26425EF000436134 /* HomeVC.swift */ = {isa = PBXFileReference; lastKnownFileType = sourcecode.swift; path = HomeVC.swift; sourceTree = "<group>"; };
		9D6789F026425F3A00436134 /* MovieHeaderView.swift */ = {isa = PBXFileReference; lastKnownFileType = sourcecode.swift; path = MovieHeaderView.swift; sourceTree = "<group>"; };
		9D6789F226425F4900436134 /* MovieHeaderView.xib */ = {isa = PBXFileReference; lastKnownFileType = file.xib; path = MovieHeaderView.xib; sourceTree = "<group>"; };
		9D8254EC2649799E009DC983 /* BaseVC.swift */ = {isa = PBXFileReference; lastKnownFileType = sourcecode.swift; path = BaseVC.swift; sourceTree = "<group>"; };
		9D8254EF264A34B6009DC983 /* MovieCarouselCell.swift */ = {isa = PBXFileReference; lastKnownFileType = sourcecode.swift; path = MovieCarouselCell.swift; sourceTree = "<group>"; };
		9D8254F0264A34B6009DC983 /* MovieCarouselCell.xib */ = {isa = PBXFileReference; lastKnownFileType = file.xib; path = MovieCarouselCell.xib; sourceTree = "<group>"; };
		9D8254F3264A34F1009DC983 /* DynamicHeightColvw.swift */ = {isa = PBXFileReference; lastKnownFileType = sourcecode.swift; path = DynamicHeightColvw.swift; sourceTree = "<group>"; };
		9D8254F5264A3DCB009DC983 /* MoviePosterCell.swift */ = {isa = PBXFileReference; lastKnownFileType = sourcecode.swift; path = MoviePosterCell.swift; sourceTree = "<group>"; };
		9D8254F6264A3DCB009DC983 /* MoviePosterCell.xib */ = {isa = PBXFileReference; lastKnownFileType = file.xib; path = MoviePosterCell.xib; sourceTree = "<group>"; };
		9D8254F9264AD6D5009DC983 /* HomeVwModel.swift */ = {isa = PBXFileReference; lastKnownFileType = sourcecode.swift; path = HomeVwModel.swift; sourceTree = "<group>"; };
		9D8254FB264AE207009DC983 /* HomeModel.swift */ = {isa = PBXFileReference; lastKnownFileType = sourcecode.swift; path = HomeModel.swift; sourceTree = "<group>"; };
		9D8E9EA0263E74C7002A6C11 /* TheMovieDB.app */ = {isa = PBXFileReference; explicitFileType = wrapper.application; includeInIndex = 0; path = TheMovieDB.app; sourceTree = BUILT_PRODUCTS_DIR; };
		9D8E9EA3263E74C7002A6C11 /* AppDelegate.swift */ = {isa = PBXFileReference; lastKnownFileType = sourcecode.swift; path = AppDelegate.swift; sourceTree = "<group>"; };
		9D8E9EA7263E74C7002A6C11 /* LaunchRootScreenVC.swift */ = {isa = PBXFileReference; lastKnownFileType = sourcecode.swift; path = LaunchRootScreenVC.swift; sourceTree = "<group>"; };
		9D8E9EAA263E74C7002A6C11 /* Base */ = {isa = PBXFileReference; lastKnownFileType = file.storyboard; name = Base; path = Base.lproj/Main.storyboard; sourceTree = "<group>"; };
		9D8E9EAD263E74C7002A6C11 /* TheMovieDB.xcdatamodel */ = {isa = PBXFileReference; lastKnownFileType = wrapper.xcdatamodel; path = TheMovieDB.xcdatamodel; sourceTree = "<group>"; };
		9D8E9EAF263E74C7002A6C11 /* Assets.xcassets */ = {isa = PBXFileReference; lastKnownFileType = folder.assetcatalog; path = Assets.xcassets; sourceTree = "<group>"; };
		9D8E9EB2263E74C7002A6C11 /* Base */ = {isa = PBXFileReference; lastKnownFileType = file.storyboard; name = Base; path = Base.lproj/LaunchScreen.storyboard; sourceTree = "<group>"; };
		9D8E9EB4263E74C7002A6C11 /* Info.plist */ = {isa = PBXFileReference; lastKnownFileType = text.plist.xml; path = Info.plist; sourceTree = "<group>"; };
		9D8E9F48263E8CA5002A6C11 /* TheMovieDBNetwork.framework */ = {isa = PBXFileReference; explicitFileType = wrapper.framework; path = TheMovieDBNetwork.framework; sourceTree = BUILT_PRODUCTS_DIR; };
		9D8E9F4C263E8CAB002A6C11 /* TheMovieDBPersistence.framework */ = {isa = PBXFileReference; explicitFileType = wrapper.framework; path = TheMovieDBPersistence.framework; sourceTree = BUILT_PRODUCTS_DIR; };
		9D8E9FB5263EDA65002A6C11 /* MovieListUseCase.swift */ = {isa = PBXFileReference; lastKnownFileType = sourcecode.swift; path = MovieListUseCase.swift; sourceTree = "<group>"; };
		9D8E9FB7263EDB6F002A6C11 /* FetchMovieRequest.swift */ = {isa = PBXFileReference; lastKnownFileType = sourcecode.swift; path = FetchMovieRequest.swift; sourceTree = "<group>"; };
		9D8E9FBA263EE005002A6C11 /* Config.swift */ = {isa = PBXFileReference; lastKnownFileType = sourcecode.swift; name = Config.swift; path = ../../../../TheMovieDBNetwork/TheMovieDBNetwork/Base/Config.swift; sourceTree = "<group>"; };
		9D8E9FBC263EE3D9002A6C11 /* FetchMovieServices.swift */ = {isa = PBXFileReference; lastKnownFileType = sourcecode.swift; path = FetchMovieServices.swift; sourceTree = "<group>"; };
		9D8E9FBE263EE468002A6C11 /* MovieListResponse.swift */ = {isa = PBXFileReference; lastKnownFileType = sourcecode.swift; path = MovieListResponse.swift; sourceTree = "<group>"; };
		9D8E9FC8263EF08B002A6C11 /* UIView+SDWebImage.swift */ = {isa = PBXFileReference; lastKnownFileType = sourcecode.swift; path = "UIView+SDWebImage.swift"; sourceTree = "<group>"; };
		9D8E9FCA263EF0E5002A6C11 /* UIViewController+UIAlert.swift */ = {isa = PBXFileReference; lastKnownFileType = sourcecode.swift; path = "UIViewController+UIAlert.swift"; sourceTree = "<group>"; };
		9D8E9FD8263FBFDB002A6C11 /* LaunchRootVwModel.swift */ = {isa = PBXFileReference; lastKnownFileType = sourcecode.swift; path = LaunchRootVwModel.swift; sourceTree = "<group>"; };
		9D8E9FDB263FC005002A6C11 /* SessionManager.swift */ = {isa = PBXFileReference; lastKnownFileType = sourcecode.swift; path = SessionManager.swift; sourceTree = "<group>"; };
		9D8E9FDE263FC061002A6C11 /* GenresModel.swift */ = {isa = PBXFileReference; lastKnownFileType = sourcecode.swift; path = GenresModel.swift; sourceTree = "<group>"; };
		9D8E9FE0263FD7F1002A6C11 /* FetchGenresServices.swift */ = {isa = PBXFileReference; lastKnownFileType = sourcecode.swift; path = FetchGenresServices.swift; sourceTree = "<group>"; };
		9D8E9FE2263FD82C002A6C11 /* FetchGenresRequest.swift */ = {isa = PBXFileReference; lastKnownFileType = sourcecode.swift; path = FetchGenresRequest.swift; sourceTree = "<group>"; };
		9D8E9FE4263FD83D002A6C11 /* GenresListUseCase.swift */ = {isa = PBXFileReference; lastKnownFileType = sourcecode.swift; path = GenresListUseCase.swift; sourceTree = "<group>"; };
		9D8F96D42653DC660025D78E /* CastAndCrewCell.swift */ = {isa = PBXFileReference; lastKnownFileType = sourcecode.swift; path = CastAndCrewCell.swift; sourceTree = "<group>"; };
		9D8F96D52653DC660025D78E /* CastAndCrewCell.xib */ = {isa = PBXFileReference; lastKnownFileType = file.xib; path = CastAndCrewCell.xib; sourceTree = "<group>"; };
		9D8F96D82653DE5D0025D78E /* CastAndCrewResponseModel.swift */ = {isa = PBXFileReference; lastKnownFileType = sourcecode.swift; path = CastAndCrewResponseModel.swift; sourceTree = "<group>"; };
		9D9063C62652250D0015E771 /* StorylineCell.swift */ = {isa = PBXFileReference; lastKnownFileType = sourcecode.swift; path = StorylineCell.swift; sourceTree = "<group>"; };
		9D9063C72652250D0015E771 /* StorylineCell.xib */ = {isa = PBXFileReference; lastKnownFileType = file.xib; path = StorylineCell.xib; sourceTree = "<group>"; };
		9D9410AB2653FD7600E8B9C8 /* TrailersAndVideoResponseModel.swift */ = {isa = PBXFileReference; lastKnownFileType = sourcecode.swift; path = TrailersAndVideoResponseModel.swift; sourceTree = "<group>"; };
		9D9410AD2655512700E8B9C8 /* MovieTrailersCell.swift */ = {isa = PBXFileReference; lastKnownFileType = sourcecode.swift; path = MovieTrailersCell.swift; sourceTree = "<group>"; };
		9D9410AE2655512700E8B9C8 /* MovieTrailersCell.xib */ = {isa = PBXFileReference; lastKnownFileType = file.xib; path = MovieTrailersCell.xib; sourceTree = "<group>"; };
		9DB412562650EE2800B4F77F /* MovieDetailsHeaderView.swift */ = {isa = PBXFileReference; lastKnownFileType = sourcecode.swift; path = MovieDetailsHeaderView.swift; sourceTree = "<group>"; };
		9DB412582650EE3800B4F77F /* MovieDetailsHeaderView.xib */ = {isa = PBXFileReference; lastKnownFileType = file.xib; path = MovieDetailsHeaderView.xib; sourceTree = "<group>"; };
		9DB4125E265103EB00B4F77F /* MovieDetailsResponse.swift */ = {isa = PBXFileReference; lastKnownFileType = sourcecode.swift; path = MovieDetailsResponse.swift; sourceTree = "<group>"; };
		9DB412612651064900B4F77F /* AlignedCollectionViewFlowLayout.swift */ = {isa = PBXFileReference; fileEncoding = 4; lastKnownFileType = sourcecode.swift; path = AlignedCollectionViewFlowLayout.swift; sourceTree = "<group>"; };
		9DB4126426510EBE00B4F77F /* MovieDetilsVC.swift */ = {isa = PBXFileReference; lastKnownFileType = sourcecode.swift; path = MovieDetilsVC.swift; sourceTree = "<group>"; xcLanguageSpecificationIdentifier = xcode.lang.swift; };
		9DB4126626510F0F00B4F77F /* MovieDetailsVwModel.swift */ = {isa = PBXFileReference; lastKnownFileType = sourcecode.swift; path = MovieDetailsVwModel.swift; sourceTree = "<group>"; };
		9DB92F7E2658CC020015102C /* PlayerHandler.swift */ = {isa = PBXFileReference; lastKnownFileType = sourcecode.swift; path = PlayerHandler.swift; sourceTree = "<group>"; };
		F71F755687CA9F02BBB7DFC1 /* Pods_TheMovieDB.framework */ = {isa = PBXFileReference; explicitFileType = wrapper.framework; includeInIndex = 0; path = Pods_TheMovieDB.framework; sourceTree = BUILT_PRODUCTS_DIR; };
/* End PBXFileReference section */

/* Begin PBXFrameworksBuildPhase section */
		9D8E9E9D263E74C7002A6C11 /* Frameworks */ = {
			isa = PBXFrameworksBuildPhase;
			buildActionMask = 2147483647;
			files = (
				9D8E9F9C263ED5FB002A6C11 /* IQKeyboardManagerSwift in Frameworks */,
				9D8E9F4D263E8CAB002A6C11 /* TheMovieDBPersistence.framework in Frameworks */,
				9D8E9F49263E8CA5002A6C11 /* TheMovieDBNetwork.framework in Frameworks */,
				9D8E9F83263ECE5E002A6C11 /* SDWebImage in Frameworks */,
				368F44F3FE45486A04632256 /* Pods_TheMovieDB.framework in Frameworks */,
			);
			runOnlyForDeploymentPostprocessing = 0;
		};
/* End PBXFrameworksBuildPhase section */

/* Begin PBXGroup section */
		25ACF3ABC13F9307BB408549 /* Frameworks */ = {
			isa = PBXGroup;
			children = (
				9D8E9F4C263E8CAB002A6C11 /* TheMovieDBPersistence.framework */,
				9D8E9F48263E8CA5002A6C11 /* TheMovieDBNetwork.framework */,
				F71F755687CA9F02BBB7DFC1 /* Pods_TheMovieDB.framework */,
			);
			name = Frameworks;
			sourceTree = "<group>";
		};
		362E3F8A28EEFDB5003AAA5A /* Enums */ = {
			isa = PBXGroup;
			children = (
				362E3F8B28EEFDB5003AAA5A /* Dimension.swift */,
				362E3F8C28EEFDB5003AAA5A /* Device.swift */,
				362E3F8D28EEFDB5003AAA5A /* Font.swift */,
			);
			path = Enums;
			sourceTree = "<group>";
		};
		362E3F9128EEFDBE003AAA5A /* Extensions */ = {
			isa = PBXGroup;
			children = (
				362E3F9228EEFDBE003AAA5A /* CGFloatExtension.swift */,
				362E3F9328EEFDBE003AAA5A /* UIViewExtension.swift */,
			);
			path = Extensions;
			sourceTree = "<group>";
		};
		36976AF4285F7AB40026435C /* LoadingButton */ = {
			isa = PBXGroup;
			children = (
				36976AF5285F7AC50026435C /* LoadingButton.swift */,
			);
			path = LoadingButton;
			sourceTree = "<group>";
		};
		9D0C402826F26317001A393D /* AVPlayer */ = {
			isa = PBXGroup;
			children = (
				9D0C402926F26317001A393D /* CMTime+Utilities.swift */,
				9D0C402A26F26317001A393D /* CustomAVPlayer.swift */,
				9D0C402B26F26317001A393D /* PlayerView.swift */,
				9D0C402C26F26317001A393D /* Player.swift */,
				9D0C402D26F26317001A393D /* AVPlayer+Utilities.swift */,
			);
			path = AVPlayer;
			sourceTree = "<group>";
		};
		9D24376A265151C3005DD744 /* Ratings */ = {
			isa = PBXGroup;
			children = (
				9D24376B265151DF005DD744 /* StarRatingStackView.swift */,
				9D24376D26515212005DD744 /* StarRatingStackView.xib */,
				9D24376F26515228005DD744 /* StarRatingView.swift */,
			);
			path = Ratings;
			sourceTree = "<group>";
		};
		9D4D56CF264F9BE8003B73D4 /* Repository */ = {
			isa = PBXGroup;
			children = (
				9D4D56D0264F9C14003B73D4 /* URLRepository.swift */,
			);
			path = Repository;
			sourceTree = "<group>";
		};
		9D4D56D2264FB6FB003B73D4 /* MovieListAndDetails */ = {
			isa = PBXGroup;
			children = (
				9D4D56DC264FD2FF003B73D4 /* Cell */,
				9D4D56D3264FB70C003B73D4 /* VC */,
				9D4D56D6264FB893003B73D4 /* MovieDetails.storyboard */,
				9D4D56D8264FC5FC003B73D4 /* MovieListNavigator.swift */,
				9D4D56DA264FCC71003B73D4 /* MovieListVwModel.swift */,
				9DB4126626510F0F00B4F77F /* MovieDetailsVwModel.swift */,
			);
			path = MovieListAndDetails;
			sourceTree = "<group>";
		};
		9D4D56D3264FB70C003B73D4 /* VC */ = {
			isa = PBXGroup;
			children = (
				9D4D56D4264FB734003B73D4 /* MovieListVC.swift */,
				9DB4126426510EBE00B4F77F /* MovieDetilsVC.swift */,
			);
			path = VC;
			sourceTree = "<group>";
		};
		9D4D56DC264FD2FF003B73D4 /* Cell */ = {
			isa = PBXGroup;
			children = (
				9D4D56DD264FD31E003B73D4 /* LoaderCell.swift */,
				9D4D56DE264FD31E003B73D4 /* LoaderCell.xib */,
				9DB412562650EE2800B4F77F /* MovieDetailsHeaderView.swift */,
				9DB412582650EE3800B4F77F /* MovieDetailsHeaderView.xib */,
				9D9063C62652250D0015E771 /* StorylineCell.swift */,
				9D9063C72652250D0015E771 /* StorylineCell.xib */,
				9D8F96D42653DC660025D78E /* CastAndCrewCell.swift */,
				9D8F96D52653DC660025D78E /* CastAndCrewCell.xib */,
				9D5A678D26A9CE29006EBB73 /* MovieDetailsHeaderCell.swift */,
				9D5A678E26A9CE29006EBB73 /* MovieDetailsHeaderCell.xib */,
				36CB9EC728BDE48B00B9FF2D /* MovieDetailsHeaderIPadCell.swift */,
				36CB9EC828BDE48B00B9FF2D /* MovieDetailsHeaderIPadCell.xib */,
			);
			path = Cell;
			sourceTree = "<group>";
		};
		9D616B482666730C0054C6F5 /* VideoPlayer */ = {
			isa = PBXGroup;
			children = (
				9D616B492666731F0054C6F5 /* VideoPlayer.storyboard */,
				9D616B4B266673340054C6F5 /* VideoPlayerVC.swift */,
			);
			path = VideoPlayer;
			sourceTree = "<group>";
		};
		9D6789CA26419A4900436134 /* TabBar */ = {
			isa = PBXGroup;
			children = (
				9D6789E5264250CF00436134 /* VC */,
				9D6789E3264250A500436134 /* TabBar.storyboard */,
				9D6789E82642517E00436134 /* BaseNavigator.swift */,
			);
			path = TabBar;
			sourceTree = "<group>";
		};
		9D6789E5264250CF00436134 /* VC */ = {
			isa = PBXGroup;
			children = (
				9D6789E62642510E00436134 /* MainContainerVC.swift */,
			);
			path = VC;
			sourceTree = "<group>";
		};
		9D6789EA26425EA600436134 /* Home */ = {
			isa = PBXGroup;
			children = (
				9D8254EE264A3494009DC983 /* cell */,
				9D6789EF26425EF900436134 /* View */,
				9D6789ED26425EF000436134 /* HomeVC.swift */,
				9D8254F9264AD6D5009DC983 /* HomeVwModel.swift */,
			);
			path = Home;
			sourceTree = "<group>";
		};
		9D6789EB26425EBA00436134 /* Search */ = {
			isa = PBXGroup;
			children = (
			);
			path = Search;
			sourceTree = "<group>";
		};
		9D6789EC26425EC200436134 /* More */ = {
			isa = PBXGroup;
			children = (
			);
			path = More;
			sourceTree = "<group>";
		};
		9D6789EF26425EF900436134 /* View */ = {
			isa = PBXGroup;
			children = (
				9D6789F026425F3A00436134 /* MovieHeaderView.swift */,
				9D6789F226425F4900436134 /* MovieHeaderView.xib */,
			);
			path = View;
			sourceTree = "<group>";
		};
		9D8254EB26497986009DC983 /* Base */ = {
			isa = PBXGroup;
			children = (
				9D8254EC2649799E009DC983 /* BaseVC.swift */,
			);
			path = Base;
			sourceTree = "<group>";
		};
		9D8254EE264A3494009DC983 /* cell */ = {
			isa = PBXGroup;
			children = (
				9D8254EF264A34B6009DC983 /* MovieCarouselCell.swift */,
				9D8254F0264A34B6009DC983 /* MovieCarouselCell.xib */,
				9D8254F5264A3DCB009DC983 /* MoviePosterCell.swift */,
				9D8254F6264A3DCB009DC983 /* MoviePosterCell.xib */,
				9D9410AD2655512700E8B9C8 /* MovieTrailersCell.swift */,
				9D9410AE2655512700E8B9C8 /* MovieTrailersCell.xib */,
				9D5A678926A9B04C006EBB73 /* MovieHeaderCell.swift */,
				9D5A678A26A9B04C006EBB73 /* MovieHeaderCell.xib */,
				3672E4EC285A3B5800553499 /* GenresCell.swift */,
				3672E4ED285A3B5800553499 /* GenresCell.xib */,
			);
			path = cell;
			sourceTree = "<group>";
		};
		9D8E9E97263E74C7002A6C11 = {
			isa = PBXGroup;
			children = (
				9D8E9EA2263E74C7002A6C11 /* TheMovieDB */,
				9D8E9EA1263E74C7002A6C11 /* Products */,
				ACB71155E5CCD1720C0C8E4C /* Pods */,
				25ACF3ABC13F9307BB408549 /* Frameworks */,
			);
			sourceTree = "<group>";
		};
		9D8E9EA1263E74C7002A6C11 /* Products */ = {
			isa = PBXGroup;
			children = (
				9D8E9EA0263E74C7002A6C11 /* TheMovieDB.app */,
			);
			name = Products;
			sourceTree = "<group>";
		};
		9D8E9EA2263E74C7002A6C11 /* TheMovieDB */ = {
			isa = PBXGroup;
			children = (
				9D4D56CF264F9BE8003B73D4 /* Repository */,
				9D8E9FAB263ED955002A6C11 /* Domain */,
				9D8E9FAE263ED981002A6C11 /* Network */,
				9D8E9FC0263EEF0D002A6C11 /* Application */,
				9D8E9FC1263EEF46002A6C11 /* Helper */,
				9D8E9FC4263EEFC6002A6C11 /* Supporting Files */,
			);
			path = TheMovieDB;
			sourceTree = "<group>";
		};
		9D8E9FAB263ED955002A6C11 /* Domain */ = {
			isa = PBXGroup;
			children = (
				9D8E9FAC263ED962002A6C11 /* Entities */,
				9D8E9FAD263ED96A002A6C11 /* UseCases */,
			);
			path = Domain;
			sourceTree = "<group>";
		};
		9D8E9FAC263ED962002A6C11 /* Entities */ = {
			isa = PBXGroup;
			children = (
				9D8E9FBE263EE468002A6C11 /* MovieListResponse.swift */,
				9D8E9FDE263FC061002A6C11 /* GenresModel.swift */,
				9D8254FB264AE207009DC983 /* HomeModel.swift */,
				9DB4125E265103EB00B4F77F /* MovieDetailsResponse.swift */,
				9D8F96D82653DE5D0025D78E /* CastAndCrewResponseModel.swift */,
				9D9410AB2653FD7600E8B9C8 /* TrailersAndVideoResponseModel.swift */,
				9D0C403326F2F037001A393D /* VideoResponse.swift */,
			);
			path = Entities;
			sourceTree = "<group>";
		};
		9D8E9FAD263ED96A002A6C11 /* UseCases */ = {
			isa = PBXGroup;
			children = (
				9D8E9FB5263EDA65002A6C11 /* MovieListUseCase.swift */,
				9D8E9FE4263FD83D002A6C11 /* GenresListUseCase.swift */,
			);
			path = UseCases;
			sourceTree = "<group>";
		};
		9D8E9FAE263ED981002A6C11 /* Network */ = {
			isa = PBXGroup;
			children = (
				9D8E9FB0263ED997002A6C11 /* Requests */,
				9D8E9FAF263ED98C002A6C11 /* Services */,
			);
			path = Network;
			sourceTree = "<group>";
		};
		9D8E9FAF263ED98C002A6C11 /* Services */ = {
			isa = PBXGroup;
			children = (
				9D8E9FBC263EE3D9002A6C11 /* FetchMovieServices.swift */,
				9D8E9FE0263FD7F1002A6C11 /* FetchGenresServices.swift */,
			);
			path = Services;
			sourceTree = "<group>";
		};
		9D8E9FB0263ED997002A6C11 /* Requests */ = {
			isa = PBXGroup;
			children = (
				9D8E9FB7263EDB6F002A6C11 /* FetchMovieRequest.swift */,
				9D8E9FE2263FD82C002A6C11 /* FetchGenresRequest.swift */,
			);
			path = Requests;
			sourceTree = "<group>";
		};
		9D8E9FB9263EDFF5002A6C11 /* Config */ = {
			isa = PBXGroup;
			children = (
				9D8E9FBA263EE005002A6C11 /* Config.swift */,
			);
			path = Config;
			sourceTree = "<group>";
		};
		9D8E9FC0263EEF0D002A6C11 /* Application */ = {
			isa = PBXGroup;
			children = (
				9D8E9FC6263EF02D002A6C11 /* Utils */,
				9D8E9FC5263EEFFB002A6C11 /* Scenes */,
				9D8E9EA3263E74C7002A6C11 /* AppDelegate.swift */,
			);
			path = Application;
			sourceTree = "<group>";
		};
		9D8E9FC1263EEF46002A6C11 /* Helper */ = {
			isa = PBXGroup;
			children = (
				362E3F9628EEFDC6003AAA5A /* AdaptiveLayoutHelper.swift */,
				362E3F9828EEFDD2003AAA5A /* AdaptedConstraint.swift */,
				362E3F9128EEFDBE003AAA5A /* Extensions */,
				362E3F8A28EEFDB5003AAA5A /* Enums */,
				36976AF4285F7AB40026435C /* LoadingButton */,
				9D8E9FDA263FBFF4002A6C11 /* SessionManager */,
				9D8E9FB9263EDFF5002A6C11 /* Config */,
				9D8E9FC3263EEF75002A6C11 /* Assets */,
				9D8E9FC2263EEF70002A6C11 /* Fonts */,
			);
			path = Helper;
			sourceTree = "<group>";
		};
		9D8E9FC2263EEF70002A6C11 /* Fonts */ = {
			isa = PBXGroup;
			children = (
				9D6789D026419B7600436134 /* Roboto-Black.ttf */,
				9D6789CC26419B7500436134 /* Roboto-BlackItalic.ttf */,
				9D6789D626419B7600436134 /* Roboto-Bold.ttf */,
				9D6789CE26419B7600436134 /* Roboto-BoldItalic.ttf */,
				9D6789D326419B7600436134 /* Roboto-Italic.ttf */,
				9D6789CB26419B7500436134 /* Roboto-Light.ttf */,
				9D6789CD26419B7500436134 /* Roboto-LightItalic.ttf */,
				9D6789D426419B7600436134 /* Roboto-Medium.ttf */,
				9D6789D526419B7600436134 /* Roboto-MediumItalic.ttf */,
				9D6789D126419B7600436134 /* Roboto-Regular.ttf */,
				9D6789D226419B7600436134 /* Roboto-Thin.ttf */,
				9D6789CF26419B7600436134 /* Roboto-ThinItalic.ttf */,
			);
			path = Fonts;
			sourceTree = "<group>";
		};
		9D8E9FC3263EEF75002A6C11 /* Assets */ = {
			isa = PBXGroup;
			children = (
				9D8E9EAF263E74C7002A6C11 /* Assets.xcassets */,
				3636458D285B3F6D006E09B8 /* Colors.xcassets */,
			);
			path = Assets;
			sourceTree = "<group>";
		};
		9D8E9FC4263EEFC6002A6C11 /* Supporting Files */ = {
			isa = PBXGroup;
			children = (
				9D8E9EB1263E74C7002A6C11 /* LaunchScreen.storyboard */,
				9D8E9EB4263E74C7002A6C11 /* Info.plist */,
				9D8E9EAC263E74C7002A6C11 /* TheMovieDB.xcdatamodeld */,
			);
			path = "Supporting Files";
			sourceTree = "<group>";
		};
		9D8E9FC5263EEFFB002A6C11 /* Scenes */ = {
			isa = PBXGroup;
			children = (
				9D4D56D2264FB6FB003B73D4 /* MovieListAndDetails */,
				9D8254EB26497986009DC983 /* Base */,
				9D6789EA26425EA600436134 /* Home */,
				9D6789EB26425EBA00436134 /* Search */,
				9D6789EC26425EC200436134 /* More */,
				9D6789CA26419A4900436134 /* TabBar */,
				9D8E9FD4263FBF37002A6C11 /* LaunchRootScreen */,
			);
			path = Scenes;
			sourceTree = "<group>";
		};
		9D8E9FC6263EF02D002A6C11 /* Utils */ = {
			isa = PBXGroup;
			children = (
				9D616B482666730C0054C6F5 /* VideoPlayer */,
				9DB92F7D2658CBEE0015102C /* VideoHelper */,
				9D0C402826F26317001A393D /* AVPlayer */,
				9D24376A265151C3005DD744 /* Ratings */,
				9DB412602651061100B4F77F /* FlowLayout */,
				9D8E9FC7263EF034002A6C11 /* Extension */,
				9D8254F3264A34F1009DC983 /* DynamicHeightColvw.swift */,
			);
			path = Utils;
			sourceTree = "<group>";
		};
		9D8E9FC7263EF034002A6C11 /* Extension */ = {
			isa = PBXGroup;
			children = (
				9D8E9FC8263EF08B002A6C11 /* UIView+SDWebImage.swift */,
				9D8E9FCA263EF0E5002A6C11 /* UIViewController+UIAlert.swift */,
			);
			path = Extension;
			sourceTree = "<group>";
		};
		9D8E9FD4263FBF37002A6C11 /* LaunchRootScreen */ = {
			isa = PBXGroup;
			children = (
				9D8E9FD8263FBFDB002A6C11 /* LaunchRootVwModel.swift */,
				9D8E9EA7263E74C7002A6C11 /* LaunchRootScreenVC.swift */,
				9D8E9EA9263E74C7002A6C11 /* Main.storyboard */,
			);
			path = LaunchRootScreen;
			sourceTree = "<group>";
		};
		9D8E9FDA263FBFF4002A6C11 /* SessionManager */ = {
			isa = PBXGroup;
			children = (
				9D8E9FDB263FC005002A6C11 /* SessionManager.swift */,
			);
			path = SessionManager;
			sourceTree = "<group>";
		};
		9DB412602651061100B4F77F /* FlowLayout */ = {
			isa = PBXGroup;
			children = (
				9DB412612651064900B4F77F /* AlignedCollectionViewFlowLayout.swift */,
			);
			path = FlowLayout;
			sourceTree = "<group>";
		};
		9DB92F7D2658CBEE0015102C /* VideoHelper */ = {
			isa = PBXGroup;
			children = (
				9DB92F7E2658CC020015102C /* PlayerHandler.swift */,
			);
			path = VideoHelper;
			sourceTree = "<group>";
		};
		ACB71155E5CCD1720C0C8E4C /* Pods */ = {
			isa = PBXGroup;
			children = (
				5B5B8062E2F74AB52E83B70C /* Pods-TheMovieDB.debug.xcconfig */,
				349C963DBFBD338DDF48214D /* Pods-TheMovieDB.release.xcconfig */,
			);
			path = Pods;
			sourceTree = "<group>";
		};
/* End PBXGroup section */

/* Begin PBXNativeTarget section */
		9D8E9E9F263E74C7002A6C11 /* TheMovieDB */ = {
			isa = PBXNativeTarget;
			buildConfigurationList = 9D8E9EB7263E74C7002A6C11 /* Build configuration list for PBXNativeTarget "TheMovieDB" */;
			buildPhases = (
				DD8A70238463DFC5825E63EA /* [CP] Check Pods Manifest.lock */,
				9D8E9E9C263E74C7002A6C11 /* Sources */,
				9D8E9E9D263E74C7002A6C11 /* Frameworks */,
				9D8E9E9E263E74C7002A6C11 /* Resources */,
				9D8E9F4B263E8CA5002A6C11 /* Embed Frameworks */,
				FD8956E9155D1FAE7544C41D /* [CP] Embed Pods Frameworks */,
			);
			buildRules = (
			);
			dependencies = (
			);
			name = TheMovieDB;
			packageProductDependencies = (
				9D8E9F82263ECE5E002A6C11 /* SDWebImage */,
				9D8E9F9B263ED5FB002A6C11 /* IQKeyboardManagerSwift */,
			);
			productName = TheMovieDB;
			productReference = 9D8E9EA0263E74C7002A6C11 /* TheMovieDB.app */;
			productType = "com.apple.product-type.application";
		};
/* End PBXNativeTarget section */

/* Begin PBXProject section */
		9D8E9E98263E74C7002A6C11 /* Project object */ = {
			isa = PBXProject;
			attributes = {
				LastSwiftUpdateCheck = 1240;
				LastUpgradeCheck = 1240;
				TargetAttributes = {
					9D8E9E9F263E74C7002A6C11 = {
						CreatedOnToolsVersion = 12.4;
					};
				};
			};
			buildConfigurationList = 9D8E9E9B263E74C7002A6C11 /* Build configuration list for PBXProject "TheMovieDB" */;
			compatibilityVersion = "Xcode 9.3";
			developmentRegion = en;
			hasScannedForEncodings = 0;
			knownRegions = (
				en,
				Base,
			);
			mainGroup = 9D8E9E97263E74C7002A6C11;
			packageReferences = (
				9D8E9F81263ECE5E002A6C11 /* XCRemoteSwiftPackageReference "SDWebImage" */,
				9D8E9F9A263ED5FB002A6C11 /* XCRemoteSwiftPackageReference "IQKeyboardManager" */,
			);
			productRefGroup = 9D8E9EA1263E74C7002A6C11 /* Products */;
			projectDirPath = "";
			projectRoot = "";
			targets = (
				9D8E9E9F263E74C7002A6C11 /* TheMovieDB */,
			);
		};
/* End PBXProject section */

/* Begin PBXResourcesBuildPhase section */
		9D8E9E9E263E74C7002A6C11 /* Resources */ = {
			isa = PBXResourcesBuildPhase;
			buildActionMask = 2147483647;
			files = (
				9D24376E26515212005DD744 /* StarRatingStackView.xib in Resources */,
				9D6789E026419B7600436134 /* Roboto-Medium.ttf in Resources */,
				9D8E9EB3263E74C7002A6C11 /* LaunchScreen.storyboard in Resources */,
				9D6789E226419B7600436134 /* Roboto-Bold.ttf in Resources */,
				9D6789DF26419B7600436134 /* Roboto-Italic.ttf in Resources */,
				9D8254F8264A3DCB009DC983 /* MoviePosterCell.xib in Resources */,
				9D6789E4264250A500436134 /* TabBar.storyboard in Resources */,
				9D8E9EB0263E74C7002A6C11 /* Assets.xcassets in Resources */,
				9D8254F2264A34B7009DC983 /* MovieCarouselCell.xib in Resources */,
				9D6789E126419B7600436134 /* Roboto-MediumItalic.ttf in Resources */,
				9D9063C92652250D0015E771 /* StorylineCell.xib in Resources */,
				9D5A679026A9CE29006EBB73 /* MovieDetailsHeaderCell.xib in Resources */,
				9D6789F326425F4900436134 /* MovieHeaderView.xib in Resources */,
				9D8F96D72653DC660025D78E /* CastAndCrewCell.xib in Resources */,
				9D6789DD26419B7600436134 /* Roboto-Regular.ttf in Resources */,
				9DB412592650EE3800B4F77F /* MovieDetailsHeaderView.xib in Resources */,
				3636458E285B3F6D006E09B8 /* Colors.xcassets in Resources */,
				9D6789D926419B7600436134 /* Roboto-LightItalic.ttf in Resources */,
				9D4D56D7264FB893003B73D4 /* MovieDetails.storyboard in Resources */,
				9D6789DE26419B7600436134 /* Roboto-Thin.ttf in Resources */,
				9D6789D826419B7600436134 /* Roboto-BlackItalic.ttf in Resources */,
				9D6789DB26419B7600436134 /* Roboto-ThinItalic.ttf in Resources */,
				9D6789DC26419B7600436134 /* Roboto-Black.ttf in Resources */,
				9D5A678C26A9B04C006EBB73 /* MovieHeaderCell.xib in Resources */,
				9D9410B02655512700E8B9C8 /* MovieTrailersCell.xib in Resources */,
				3672E4EF285A3B5800553499 /* GenresCell.xib in Resources */,
				9D4D56E0264FD31E003B73D4 /* LoaderCell.xib in Resources */,
				9D6789D726419B7600436134 /* Roboto-Light.ttf in Resources */,
				36CB9ECA28BDE48B00B9FF2D /* MovieDetailsHeaderIPadCell.xib in Resources */,
				9D616B4A2666731F0054C6F5 /* VideoPlayer.storyboard in Resources */,
				9D6789DA26419B7600436134 /* Roboto-BoldItalic.ttf in Resources */,
				9D8E9EAB263E74C7002A6C11 /* Main.storyboard in Resources */,
			);
			runOnlyForDeploymentPostprocessing = 0;
		};
/* End PBXResourcesBuildPhase section */

/* Begin PBXShellScriptBuildPhase section */
		DD8A70238463DFC5825E63EA /* [CP] Check Pods Manifest.lock */ = {
			isa = PBXShellScriptBuildPhase;
			buildActionMask = 2147483647;
			files = (
			);
			inputFileListPaths = (
			);
			inputPaths = (
				"${PODS_PODFILE_DIR_PATH}/Podfile.lock",
				"${PODS_ROOT}/Manifest.lock",
			);
			name = "[CP] Check Pods Manifest.lock";
			outputFileListPaths = (
			);
			outputPaths = (
				"$(DERIVED_FILE_DIR)/Pods-TheMovieDB-checkManifestLockResult.txt",
			);
			runOnlyForDeploymentPostprocessing = 0;
			shellPath = /bin/sh;
			shellScript = "diff \"${PODS_PODFILE_DIR_PATH}/Podfile.lock\" \"${PODS_ROOT}/Manifest.lock\" > /dev/null\nif [ $? != 0 ] ; then\n    # print error to STDERR\n    echo \"error: The sandbox is not in sync with the Podfile.lock. Run 'pod install' or update your CocoaPods installation.\" >&2\n    exit 1\nfi\n# This output is used by Xcode 'outputs' to avoid re-running this script phase.\necho \"SUCCESS\" > \"${SCRIPT_OUTPUT_FILE_0}\"\n";
			showEnvVarsInLog = 0;
		};
		FD8956E9155D1FAE7544C41D /* [CP] Embed Pods Frameworks */ = {
			isa = PBXShellScriptBuildPhase;
			buildActionMask = 2147483647;
			files = (
			);
			inputFileListPaths = (
				"${PODS_ROOT}/Target Support Files/Pods-TheMovieDB/Pods-TheMovieDB-frameworks-${CONFIGURATION}-input-files.xcfilelist",
			);
			name = "[CP] Embed Pods Frameworks";
			outputFileListPaths = (
				"${PODS_ROOT}/Target Support Files/Pods-TheMovieDB/Pods-TheMovieDB-frameworks-${CONFIGURATION}-output-files.xcfilelist",
			);
			runOnlyForDeploymentPostprocessing = 0;
			shellPath = /bin/sh;
			shellScript = "\"${PODS_ROOT}/Target Support Files/Pods-TheMovieDB/Pods-TheMovieDB-frameworks.sh\"\n";
			showEnvVarsInLog = 0;
		};
/* End PBXShellScriptBuildPhase section */

/* Begin PBXSourcesBuildPhase section */
		9D8E9E9C263E74C7002A6C11 /* Sources */ = {
			isa = PBXSourcesBuildPhase;
			buildActionMask = 2147483647;
			files = (
				9D8E9FE3263FD82C002A6C11 /* FetchGenresRequest.swift in Sources */,
				9DB412572650EE2800B4F77F /* MovieDetailsHeaderView.swift in Sources */,
				9D8E9FC9263EF08B002A6C11 /* UIView+SDWebImage.swift in Sources */,
				9D8E9FBD263EE3D9002A6C11 /* FetchMovieServices.swift in Sources */,
				9D24377026515228005DD744 /* StarRatingView.swift in Sources */,
				9D8E9EA8263E74C7002A6C11 /* LaunchRootScreenVC.swift in Sources */,
				9D6789F126425F3A00436134 /* MovieHeaderView.swift in Sources */,
				9D4D56D5264FB734003B73D4 /* MovieListVC.swift in Sources */,
				9D5A678B26A9B04C006EBB73 /* MovieHeaderCell.swift in Sources */,
				9D8E9FCB263EF0E5002A6C11 /* UIViewController+UIAlert.swift in Sources */,
				9D8E9FE1263FD7F1002A6C11 /* FetchGenresServices.swift in Sources */,
				9D8E9FDF263FC061002A6C11 /* GenresModel.swift in Sources */,
				9D8254F4264A34F1009DC983 /* DynamicHeightColvw.swift in Sources */,
				9D4D56D9264FC5FC003B73D4 /* MovieListNavigator.swift in Sources */,
				9D9410AC2653FD7600E8B9C8 /* TrailersAndVideoResponseModel.swift in Sources */,
				9D4D56D1264F9C14003B73D4 /* URLRepository.swift in Sources */,
				9DB4126726510F0F00B4F77F /* MovieDetailsVwModel.swift in Sources */,
				36976AF6285F7AC50026435C /* LoadingButton.swift in Sources */,
				9D8F96D62653DC660025D78E /* CastAndCrewCell.swift in Sources */,
				9D8254F1264A34B7009DC983 /* MovieCarouselCell.swift in Sources */,
				9D8E9FB8263EDB6F002A6C11 /* FetchMovieRequest.swift in Sources */,
				9D0C403026F26317001A393D /* PlayerView.swift in Sources */,
				9D0C403226F26317001A393D /* AVPlayer+Utilities.swift in Sources */,
				9D9410AF2655512700E8B9C8 /* MovieTrailersCell.swift in Sources */,
				362E3F9928EEFDD2003AAA5A /* AdaptedConstraint.swift in Sources */,
				9D0C402E26F26317001A393D /* CMTime+Utilities.swift in Sources */,
				362E3F9728EEFDC6003AAA5A /* AdaptiveLayoutHelper.swift in Sources */,
				9DB4126526510EBE00B4F77F /* MovieDetilsVC.swift in Sources */,
				9DB92F7F2658CC020015102C /* PlayerHandler.swift in Sources */,
				362E3F9028EEFDB5003AAA5A /* Font.swift in Sources */,
				9D8F96D92653DE5D0025D78E /* CastAndCrewResponseModel.swift in Sources */,
				9D6789E92642517E00436134 /* BaseNavigator.swift in Sources */,
				9D8E9EA4263E74C7002A6C11 /* AppDelegate.swift in Sources */,
				9D616B4C266673340054C6F5 /* VideoPlayerVC.swift in Sources */,
				362E3F9528EEFDBE003AAA5A /* UIViewExtension.swift in Sources */,
				9D8E9FDC263FC005002A6C11 /* SessionManager.swift in Sources */,
				9D0C402F26F26317001A393D /* CustomAVPlayer.swift in Sources */,
				9D8254FA264AD6D5009DC983 /* HomeVwModel.swift in Sources */,
				9D0C403426F2F037001A393D /* VideoResponse.swift in Sources */,
				9D6789E72642510E00436134 /* MainContainerVC.swift in Sources */,
				9D4D56DB264FCC71003B73D4 /* MovieListVwModel.swift in Sources */,
				9D8E9FB6263EDA65002A6C11 /* MovieListUseCase.swift in Sources */,
				9D8E9FE5263FD83D002A6C11 /* GenresListUseCase.swift in Sources */,
				362E3F8F28EEFDB5003AAA5A /* Device.swift in Sources */,
				9D8E9FBF263EE468002A6C11 /* MovieListResponse.swift in Sources */,
				9D8E9FBB263EE005002A6C11 /* Config.swift in Sources */,
				362E3F8E28EEFDB5003AAA5A /* Dimension.swift in Sources */,
				9DB4125F265103EB00B4F77F /* MovieDetailsResponse.swift in Sources */,
				9D5A678F26A9CE29006EBB73 /* MovieDetailsHeaderCell.swift in Sources */,
				362E3F9428EEFDBE003AAA5A /* CGFloatExtension.swift in Sources */,
				9D8E9FD9263FBFDB002A6C11 /* LaunchRootVwModel.swift in Sources */,
				9D6789EE26425EF000436134 /* HomeVC.swift in Sources */,
				9D4D56DF264FD31E003B73D4 /* LoaderCell.swift in Sources */,
				3672E4EE285A3B5800553499 /* GenresCell.swift in Sources */,
				9D0C403126F26317001A393D /* Player.swift in Sources */,
				36CB9EC928BDE48B00B9FF2D /* MovieDetailsHeaderIPadCell.swift in Sources */,
				9D8254FC264AE207009DC983 /* HomeModel.swift in Sources */,
				9D8254F7264A3DCB009DC983 /* MoviePosterCell.swift in Sources */,
				9D8254ED2649799E009DC983 /* BaseVC.swift in Sources */,
				9DB412622651064900B4F77F /* AlignedCollectionViewFlowLayout.swift in Sources */,
				9D24376C265151DF005DD744 /* StarRatingStackView.swift in Sources */,
				9D8E9EAE263E74C7002A6C11 /* TheMovieDB.xcdatamodeld in Sources */,
				9D9063C82652250D0015E771 /* StorylineCell.swift in Sources */,
			);
			runOnlyForDeploymentPostprocessing = 0;
		};
/* End PBXSourcesBuildPhase section */

/* Begin PBXVariantGroup section */
		9D8E9EA9263E74C7002A6C11 /* Main.storyboard */ = {
			isa = PBXVariantGroup;
			children = (
				9D8E9EAA263E74C7002A6C11 /* Base */,
			);
			name = Main.storyboard;
			sourceTree = "<group>";
		};
		9D8E9EB1263E74C7002A6C11 /* LaunchScreen.storyboard */ = {
			isa = PBXVariantGroup;
			children = (
				9D8E9EB2263E74C7002A6C11 /* Base */,
			);
			name = LaunchScreen.storyboard;
			sourceTree = "<group>";
		};
/* End PBXVariantGroup section */

/* Begin XCBuildConfiguration section */
		9D8E9EB5263E74C7002A6C11 /* Debug */ = {
			isa = XCBuildConfiguration;
			buildSettings = {
				ALWAYS_SEARCH_USER_PATHS = NO;
				CLANG_ANALYZER_NONNULL = YES;
				CLANG_ANALYZER_NUMBER_OBJECT_CONVERSION = YES_AGGRESSIVE;
				CLANG_CXX_LANGUAGE_STANDARD = "gnu++14";
				CLANG_CXX_LIBRARY = "libc++";
				CLANG_ENABLE_MODULES = YES;
				CLANG_ENABLE_OBJC_ARC = YES;
				CLANG_ENABLE_OBJC_WEAK = YES;
				CLANG_WARN_BLOCK_CAPTURE_AUTORELEASING = YES;
				CLANG_WARN_BOOL_CONVERSION = YES;
				CLANG_WARN_COMMA = YES;
				CLANG_WARN_CONSTANT_CONVERSION = YES;
				CLANG_WARN_DEPRECATED_OBJC_IMPLEMENTATIONS = YES;
				CLANG_WARN_DIRECT_OBJC_ISA_USAGE = YES_ERROR;
				CLANG_WARN_DOCUMENTATION_COMMENTS = YES;
				CLANG_WARN_EMPTY_BODY = YES;
				CLANG_WARN_ENUM_CONVERSION = YES;
				CLANG_WARN_INFINITE_RECURSION = YES;
				CLANG_WARN_INT_CONVERSION = YES;
				CLANG_WARN_NON_LITERAL_NULL_CONVERSION = YES;
				CLANG_WARN_OBJC_IMPLICIT_RETAIN_SELF = YES;
				CLANG_WARN_OBJC_LITERAL_CONVERSION = YES;
				CLANG_WARN_OBJC_ROOT_CLASS = YES_ERROR;
				CLANG_WARN_QUOTED_INCLUDE_IN_FRAMEWORK_HEADER = YES;
				CLANG_WARN_RANGE_LOOP_ANALYSIS = YES;
				CLANG_WARN_STRICT_PROTOTYPES = YES;
				CLANG_WARN_SUSPICIOUS_MOVE = YES;
				CLANG_WARN_UNGUARDED_AVAILABILITY = YES_AGGRESSIVE;
				CLANG_WARN_UNREACHABLE_CODE = YES;
				CLANG_WARN__DUPLICATE_METHOD_MATCH = YES;
				COPY_PHASE_STRIP = NO;
				DEBUG_INFORMATION_FORMAT = dwarf;
				ENABLE_STRICT_OBJC_MSGSEND = YES;
				ENABLE_TESTABILITY = YES;
				GCC_C_LANGUAGE_STANDARD = gnu11;
				GCC_DYNAMIC_NO_PIC = NO;
				GCC_NO_COMMON_BLOCKS = YES;
				GCC_OPTIMIZATION_LEVEL = 0;
				GCC_PREPROCESSOR_DEFINITIONS = (
					"DEBUG=1",
					"$(inherited)",
				);
				GCC_WARN_64_TO_32_BIT_CONVERSION = YES;
				GCC_WARN_ABOUT_RETURN_TYPE = YES_ERROR;
				GCC_WARN_UNDECLARED_SELECTOR = YES;
				GCC_WARN_UNINITIALIZED_AUTOS = YES_AGGRESSIVE;
				GCC_WARN_UNUSED_FUNCTION = YES;
				GCC_WARN_UNUSED_VARIABLE = YES;
				IPHONEOS_DEPLOYMENT_TARGET = 12.0;
				MTL_ENABLE_DEBUG_INFO = INCLUDE_SOURCE;
				MTL_FAST_MATH = YES;
				ONLY_ACTIVE_ARCH = YES;
				SDKROOT = iphoneos;
				SWIFT_ACTIVE_COMPILATION_CONDITIONS = DEBUG;
				SWIFT_OPTIMIZATION_LEVEL = "-Onone";
			};
			name = Debug;
		};
		9D8E9EB6263E74C7002A6C11 /* Release */ = {
			isa = XCBuildConfiguration;
			buildSettings = {
				ALWAYS_SEARCH_USER_PATHS = NO;
				CLANG_ANALYZER_NONNULL = YES;
				CLANG_ANALYZER_NUMBER_OBJECT_CONVERSION = YES_AGGRESSIVE;
				CLANG_CXX_LANGUAGE_STANDARD = "gnu++14";
				CLANG_CXX_LIBRARY = "libc++";
				CLANG_ENABLE_MODULES = YES;
				CLANG_ENABLE_OBJC_ARC = YES;
				CLANG_ENABLE_OBJC_WEAK = YES;
				CLANG_WARN_BLOCK_CAPTURE_AUTORELEASING = YES;
				CLANG_WARN_BOOL_CONVERSION = YES;
				CLANG_WARN_COMMA = YES;
				CLANG_WARN_CONSTANT_CONVERSION = YES;
				CLANG_WARN_DEPRECATED_OBJC_IMPLEMENTATIONS = YES;
				CLANG_WARN_DIRECT_OBJC_ISA_USAGE = YES_ERROR;
				CLANG_WARN_DOCUMENTATION_COMMENTS = YES;
				CLANG_WARN_EMPTY_BODY = YES;
				CLANG_WARN_ENUM_CONVERSION = YES;
				CLANG_WARN_INFINITE_RECURSION = YES;
				CLANG_WARN_INT_CONVERSION = YES;
				CLANG_WARN_NON_LITERAL_NULL_CONVERSION = YES;
				CLANG_WARN_OBJC_IMPLICIT_RETAIN_SELF = YES;
				CLANG_WARN_OBJC_LITERAL_CONVERSION = YES;
				CLANG_WARN_OBJC_ROOT_CLASS = YES_ERROR;
				CLANG_WARN_QUOTED_INCLUDE_IN_FRAMEWORK_HEADER = YES;
				CLANG_WARN_RANGE_LOOP_ANALYSIS = YES;
				CLANG_WARN_STRICT_PROTOTYPES = YES;
				CLANG_WARN_SUSPICIOUS_MOVE = YES;
				CLANG_WARN_UNGUARDED_AVAILABILITY = YES_AGGRESSIVE;
				CLANG_WARN_UNREACHABLE_CODE = YES;
				CLANG_WARN__DUPLICATE_METHOD_MATCH = YES;
				COPY_PHASE_STRIP = NO;
				DEBUG_INFORMATION_FORMAT = "dwarf-with-dsym";
				ENABLE_NS_ASSERTIONS = NO;
				ENABLE_STRICT_OBJC_MSGSEND = YES;
				GCC_C_LANGUAGE_STANDARD = gnu11;
				GCC_NO_COMMON_BLOCKS = YES;
				GCC_WARN_64_TO_32_BIT_CONVERSION = YES;
				GCC_WARN_ABOUT_RETURN_TYPE = YES_ERROR;
				GCC_WARN_UNDECLARED_SELECTOR = YES;
				GCC_WARN_UNINITIALIZED_AUTOS = YES_AGGRESSIVE;
				GCC_WARN_UNUSED_FUNCTION = YES;
				GCC_WARN_UNUSED_VARIABLE = YES;
				IPHONEOS_DEPLOYMENT_TARGET = 12.0;
				MTL_ENABLE_DEBUG_INFO = NO;
				MTL_FAST_MATH = YES;
				SDKROOT = iphoneos;
				SWIFT_COMPILATION_MODE = wholemodule;
				SWIFT_OPTIMIZATION_LEVEL = "-O";
				VALIDATE_PRODUCT = YES;
			};
			name = Release;
		};
		9D8E9EB8263E74C7002A6C11 /* Debug */ = {
			isa = XCBuildConfiguration;
			baseConfigurationReference = 5B5B8062E2F74AB52E83B70C /* Pods-TheMovieDB.debug.xcconfig */;
			buildSettings = {
				ASSETCATALOG_COMPILER_APPICON_NAME = AppIcon;
				ASSETCATALOG_COMPILER_GLOBAL_ACCENT_COLOR_NAME = AccentColor;
				CODE_SIGN_STYLE = Automatic;
				DEVELOPMENT_TEAM = C97VQUTVAJ;
				INFOPLIST_FILE = "TheMovieDB/Supporting Files/Info.plist";
				LD_RUNPATH_SEARCH_PATHS = (
					"$(inherited)",
					"@executable_path/Frameworks",
				);
				PRODUCT_BUNDLE_IDENTIFIER = com.developer.TheMovieDB;
				PRODUCT_NAME = "$(TARGET_NAME)";
				SWIFT_VERSION = 5.0;
				TARGETED_DEVICE_FAMILY = "1,2";
			};
			name = Debug;
		};
		9D8E9EB9263E74C7002A6C11 /* Release */ = {
			isa = XCBuildConfiguration;
			baseConfigurationReference = 349C963DBFBD338DDF48214D /* Pods-TheMovieDB.release.xcconfig */;
			buildSettings = {
				ASSETCATALOG_COMPILER_APPICON_NAME = AppIcon;
				ASSETCATALOG_COMPILER_GLOBAL_ACCENT_COLOR_NAME = AccentColor;
				CODE_SIGN_STYLE = Automatic;
				DEVELOPMENT_TEAM = C97VQUTVAJ;
				INFOPLIST_FILE = "TheMovieDB/Supporting Files/Info.plist";
				LD_RUNPATH_SEARCH_PATHS = (
					"$(inherited)",
					"@executable_path/Frameworks",
				);
				PRODUCT_BUNDLE_IDENTIFIER = com.developer.TheMovieDB;
				PRODUCT_NAME = "$(TARGET_NAME)";
				SWIFT_VERSION = 5.0;
				TARGETED_DEVICE_FAMILY = "1,2";
			};
			name = Release;
		};
/* End XCBuildConfiguration section */

/* Begin XCConfigurationList section */
		9D8E9E9B263E74C7002A6C11 /* Build configuration list for PBXProject "TheMovieDB" */ = {
			isa = XCConfigurationList;
			buildConfigurations = (
				9D8E9EB5263E74C7002A6C11 /* Debug */,
				9D8E9EB6263E74C7002A6C11 /* Release */,
			);
			defaultConfigurationIsVisible = 0;
			defaultConfigurationName = Release;
		};
		9D8E9EB7263E74C7002A6C11 /* Build configuration list for PBXNativeTarget "TheMovieDB" */ = {
			isa = XCConfigurationList;
			buildConfigurations = (
				9D8E9EB8263E74C7002A6C11 /* Debug */,
				9D8E9EB9263E74C7002A6C11 /* Release */,
			);
			defaultConfigurationIsVisible = 0;
			defaultConfigurationName = Release;
		};
/* End XCConfigurationList section */

/* Begin XCRemoteSwiftPackageReference section */
		9D8E9F81263ECE5E002A6C11 /* XCRemoteSwiftPackageReference "SDWebImage" */ = {
			isa = XCRemoteSwiftPackageReference;
			repositoryURL = "https://github.com/SDWebImage/SDWebImage";
			requirement = {
				kind = upToNextMajorVersion;
				minimumVersion = 5.11.1;
			};
		};
		9D8E9F9A263ED5FB002A6C11 /* XCRemoteSwiftPackageReference "IQKeyboardManager" */ = {
			isa = XCRemoteSwiftPackageReference;
			repositoryURL = "https://github.com/hackiftekhar/IQKeyboardManager";
			requirement = {
				kind = upToNextMajorVersion;
				minimumVersion = 6.5.6;
			};
		};
/* End XCRemoteSwiftPackageReference section */

/* Begin XCSwiftPackageProductDependency section */
		9D8E9F82263ECE5E002A6C11 /* SDWebImage */ = {
			isa = XCSwiftPackageProductDependency;
			package = 9D8E9F81263ECE5E002A6C11 /* XCRemoteSwiftPackageReference "SDWebImage" */;
			productName = SDWebImage;
		};
		9D8E9F9B263ED5FB002A6C11 /* IQKeyboardManagerSwift */ = {
			isa = XCSwiftPackageProductDependency;
			package = 9D8E9F9A263ED5FB002A6C11 /* XCRemoteSwiftPackageReference "IQKeyboardManager" */;
			productName = IQKeyboardManagerSwift;
		};
/* End XCSwiftPackageProductDependency section */

/* Begin XCVersionGroup section */
		9D8E9EAC263E74C7002A6C11 /* TheMovieDB.xcdatamodeld */ = {
			isa = XCVersionGroup;
			children = (
				9D8E9EAD263E74C7002A6C11 /* TheMovieDB.xcdatamodel */,
			);
			currentVersion = 9D8E9EAD263E74C7002A6C11 /* TheMovieDB.xcdatamodel */;
			path = TheMovieDB.xcdatamodeld;
			sourceTree = "<group>";
			versionGroupType = wrapper.xcdatamodel;
		};
/* End XCVersionGroup section */
	};
	rootObject = 9D8E9E98263E74C7002A6C11 /* Project object */;
}
